// !$*UTF8*$!
{
	archiveVersion = 1;
	classes = {
	};
	objectVersion = 46;
	objects = {

/* Begin PBXBuildFile section */
		11AF054716B5BD2200BADCE6 /* MobileCoreServices.framework in Frameworks */ = {isa = PBXBuildFile; fileRef = 11AF054616B5BD2200BADCE6 /* MobileCoreServices.framework */; };
		11AF054A16B5BD3900BADCE6 /* SystemConfiguration.framework in Frameworks */ = {isa = PBXBuildFile; fileRef = 11AF054916B5BD3900BADCE6 /* SystemConfiguration.framework */; };
		13CD030F926343A7A5CC5475 /* libPods.a in Frameworks */ = {isa = PBXBuildFile; fileRef = F23C08989CC04E6D986F4BB5 /* libPods.a */; };
		2409380316B8D40E0045446F /* Icon@2x.png in Resources */ = {isa = PBXBuildFile; fileRef = 2409380216B8D40E0045446F /* Icon@2x.png */; };
		2409380816B8E8B40045446F /* SFHFKeychainUtils.m in Sources */ = {isa = PBXBuildFile; fileRef = 2409380716B8E8B40045446F /* SFHFKeychainUtils.m */; };
		2409380A16B8EF9C0045446F /* Security.framework in Frameworks */ = {isa = PBXBuildFile; fileRef = 2409380916B8EF9C0045446F /* Security.framework */; };
		2409380D16B9029F0045446F /* UIImage+XMAdditions.m in Sources */ = {isa = PBXBuildFile; fileRef = 2409380C16B9029F0045446F /* UIImage+XMAdditions.m */; };
		2450229616ADD7F100FA03B0 /* UIKit.framework in Frameworks */ = {isa = PBXBuildFile; fileRef = 2450229516ADD7F100FA03B0 /* UIKit.framework */; };
		2450229816ADD7F100FA03B0 /* Foundation.framework in Frameworks */ = {isa = PBXBuildFile; fileRef = 2450229716ADD7F100FA03B0 /* Foundation.framework */; };
		2450229A16ADD7F100FA03B0 /* CoreGraphics.framework in Frameworks */ = {isa = PBXBuildFile; fileRef = 2450229916ADD7F100FA03B0 /* CoreGraphics.framework */; };
		245022A016ADD7F100FA03B0 /* InfoPlist.strings in Resources */ = {isa = PBXBuildFile; fileRef = 2450229E16ADD7F100FA03B0 /* InfoPlist.strings */; };
		245022A216ADD7F100FA03B0 /* main.m in Sources */ = {isa = PBXBuildFile; fileRef = 245022A116ADD7F100FA03B0 /* main.m */; };
		245022A616ADD7F100FA03B0 /* XMAppDelegate.m in Sources */ = {isa = PBXBuildFile; fileRef = 245022A516ADD7F100FA03B0 /* XMAppDelegate.m */; };
		245022A816ADD7F100FA03B0 /* Default.png in Resources */ = {isa = PBXBuildFile; fileRef = 245022A716ADD7F100FA03B0 /* Default.png */; };
		245022AA16ADD7F100FA03B0 /* Default@2x.png in Resources */ = {isa = PBXBuildFile; fileRef = 245022A916ADD7F100FA03B0 /* Default@2x.png */; };
		245022AC16ADD7F100FA03B0 /* Default-568h@2x.png in Resources */ = {isa = PBXBuildFile; fileRef = 245022AB16ADD7F100FA03B0 /* Default-568h@2x.png */; };
		245022AF16ADD7F100FA03B0 /* XMSubmissionViewController.m in Sources */ = {isa = PBXBuildFile; fileRef = 245022AE16ADD7F100FA03B0 /* XMSubmissionViewController.m */; };
		245022B116ADD7F100FA03B0 /* first.png in Resources */ = {isa = PBXBuildFile; fileRef = 245022B016ADD7F100FA03B0 /* first.png */; };
		245022B316ADD7F100FA03B0 /* first@2x.png in Resources */ = {isa = PBXBuildFile; fileRef = 245022B216ADD7F100FA03B0 /* first@2x.png */; };
		245022B616ADD7F100FA03B0 /* XMHistoryViewController.m in Sources */ = {isa = PBXBuildFile; fileRef = 245022B516ADD7F100FA03B0 /* XMHistoryViewController.m */; };
		245022B816ADD7F100FA03B0 /* second.png in Resources */ = {isa = PBXBuildFile; fileRef = 245022B716ADD7F100FA03B0 /* second.png */; };
		245022BA16ADD7F100FA03B0 /* second@2x.png in Resources */ = {isa = PBXBuildFile; fileRef = 245022B916ADD7F100FA03B0 /* second@2x.png */; };
		245022BD16ADD7F100FA03B0 /* XMSubmissionViewController_iPhone.xib in Resources */ = {isa = PBXBuildFile; fileRef = 245022BB16ADD7F100FA03B0 /* XMSubmissionViewController_iPhone.xib */; };
		245022C016ADD7F100FA03B0 /* XMSubmissionViewController_iPad.xib in Resources */ = {isa = PBXBuildFile; fileRef = 245022BE16ADD7F100FA03B0 /* XMSubmissionViewController_iPad.xib */; };
		245022C316ADD7F100FA03B0 /* XMHistoryViewController_iPhone.xib in Resources */ = {isa = PBXBuildFile; fileRef = 245022C116ADD7F100FA03B0 /* XMHistoryViewController_iPhone.xib */; };
		245022C616ADD7F100FA03B0 /* XMHistoryViewController_iPad.xib in Resources */ = {isa = PBXBuildFile; fileRef = 245022C416ADD7F100FA03B0 /* XMHistoryViewController_iPad.xib */; };
		245022CE16ADD7F100FA03B0 /* SenTestingKit.framework in Frameworks */ = {isa = PBXBuildFile; fileRef = 245022CD16ADD7F100FA03B0 /* SenTestingKit.framework */; };
		245022CF16ADD7F100FA03B0 /* UIKit.framework in Frameworks */ = {isa = PBXBuildFile; fileRef = 2450229516ADD7F100FA03B0 /* UIKit.framework */; };
		245022D016ADD7F100FA03B0 /* Foundation.framework in Frameworks */ = {isa = PBXBuildFile; fileRef = 2450229716ADD7F100FA03B0 /* Foundation.framework */; };
		245022D816ADD7F100FA03B0 /* InfoPlist.strings in Resources */ = {isa = PBXBuildFile; fileRef = 245022D616ADD7F100FA03B0 /* InfoPlist.strings */; };
		245022DB16ADD7F100FA03B0 /* XimlyTests.m in Sources */ = {isa = PBXBuildFile; fileRef = 245022DA16ADD7F100FA03B0 /* XimlyTests.m */; };
		2473EF1616B7D2F900885451 /* Icon-72.png in Resources */ = {isa = PBXBuildFile; fileRef = 2473EF1016B7D2F900885451 /* Icon-72.png */; };
		2473EF1716B7D2F900885451 /* Icon-Small-50.png in Resources */ = {isa = PBXBuildFile; fileRef = 2473EF1116B7D2F900885451 /* Icon-Small-50.png */; };
		2473EF1816B7D2F900885451 /* Icon-Small.png in Resources */ = {isa = PBXBuildFile; fileRef = 2473EF1216B7D2F900885451 /* Icon-Small.png */; };
		2473EF1916B7D2F900885451 /* Icon-Small@2x.png in Resources */ = {isa = PBXBuildFile; fileRef = 2473EF1316B7D2F900885451 /* Icon-Small@2x.png */; };
		2473EF1A16B7D2F900885451 /* Icon.png in Resources */ = {isa = PBXBuildFile; fileRef = 2473EF1416B7D2F900885451 /* Icon.png */; };
		24794E5A16BE293200246922 /* Intro-568h@2x.png in Resources */ = {isa = PBXBuildFile; fileRef = 24794E5816BE293100246922 /* Intro-568h@2x.png */; };
		24794E5B16BE293200246922 /* Intro@2x.png in Resources */ = {isa = PBXBuildFile; fileRef = 24794E5916BE293200246922 /* Intro@2x.png */; };
		2486248D16AE67EE00DDCA75 /* XMHistoryTableViewCell.m in Sources */ = {isa = PBXBuildFile; fileRef = 2486248C16AE67EE00DDCA75 /* XMHistoryTableViewCell.m */; };
		2486248F16AE681D00DDCA75 /* XMHistoryTableViewCell.xib in Resources */ = {isa = PBXBuildFile; fileRef = 2486248E16AE681D00DDCA75 /* XMHistoryTableViewCell.xib */; };
		2486249316AE7D0100DDCA75 /* XMJobDetailViewController.m in Sources */ = {isa = PBXBuildFile; fileRef = 2486249116AE7D0100DDCA75 /* XMJobDetailViewController.m */; };
		2486249416AE7D0100DDCA75 /* XMJobDetailViewController.xib in Resources */ = {isa = PBXBuildFile; fileRef = 2486249216AE7D0100DDCA75 /* XMJobDetailViewController.xib */; };
		2486249716AFDAB900DDCA75 /* XMImageCache.m in Sources */ = {isa = PBXBuildFile; fileRef = 2486249616AFDAB800DDCA75 /* XMImageCache.m */; };
		248624A416AFEFFB00DDCA75 /* XMUtilities.m in Sources */ = {isa = PBXBuildFile; fileRef = 248624A316AFEFFB00DDCA75 /* XMUtilities.m */; };
		248A4CC516ADEA2F0042B46C /* XMIntroViewController.m in Sources */ = {isa = PBXBuildFile; fileRef = 248A4CC316ADEA2E0042B46C /* XMIntroViewController.m */; };
		248A4CC616ADEA2F0042B46C /* XMIntroViewController.xib in Resources */ = {isa = PBXBuildFile; fileRef = 248A4CC416ADEA2E0042B46C /* XMIntroViewController.xib */; };
		248A4CDD16ADF2320042B46C /* Intro.png in Resources */ = {isa = PBXBuildFile; fileRef = 248A4CDC16ADF2310042B46C /* Intro.png */; };
		248A4CEA16AE1FE20042B46C /* XMXimlyHTTPClient.m in Sources */ = {isa = PBXBuildFile; fileRef = 248A4CE916AE1FE20042B46C /* XMXimlyHTTPClient.m */; };
		24A782A716B47E6A0091AB46 /* XMJobList.m in Sources */ = {isa = PBXBuildFile; fileRef = 24A782A616B47E6A0091AB46 /* XMJobList.m */; };
		24A782AB16B47E820091AB46 /* XMJob.m in Sources */ = {isa = PBXBuildFile; fileRef = 24A782AA16B47E820091AB46 /* XMJob.m */; };
		24A782C416B4F6A20091AB46 /* sample1.jpg in Resources */ = {isa = PBXBuildFile; fileRef = 24A782C016B4F6A00091AB46 /* sample1.jpg */; };
		24A782C516B4F6A20091AB46 /* sample2.jpg in Resources */ = {isa = PBXBuildFile; fileRef = 24A782C116B4F6A10091AB46 /* sample2.jpg */; };
		24A782C616B4F6A20091AB46 /* sample3.jpg in Resources */ = {isa = PBXBuildFile; fileRef = 24A782C216B4F6A10091AB46 /* sample3.jpg */; };
		24A782C716B4F6A20091AB46 /* sample4.jpg in Resources */ = {isa = PBXBuildFile; fileRef = 24A782C316B4F6A20091AB46 /* sample4.jpg */; };
		24B2E04D16B3D21E0022DFAF /* XMRateJobViewController.m in Sources */ = {isa = PBXBuildFile; fileRef = 24B2E04B16B3D21E0022DFAF /* XMRateJobViewController.m */; };
		24B2E04E16B3D21E0022DFAF /* XMRateJobViewController.xib in Resources */ = {isa = PBXBuildFile; fileRef = 24B2E04C16B3D21E0022DFAF /* XMRateJobViewController.xib */; };
		24B2E06516B3D5150022DFAF /* QuartzCore.framework in Frameworks */ = {isa = PBXBuildFile; fileRef = 24B2E06416B3D5150022DFAF /* QuartzCore.framework */; };
		24B2E06A16B3E1F00022DFAF /* bad.png in Resources */ = {isa = PBXBuildFile; fileRef = 24B2E06816B3E1EF0022DFAF /* bad.png */; };
		24B2E06B16B3E1F00022DFAF /* good.png in Resources */ = {isa = PBXBuildFile; fileRef = 24B2E06916B3E1EF0022DFAF /* good.png */; };
		24B2E06D16B3E43B0022DFAF /* badSelected.png in Resources */ = {isa = PBXBuildFile; fileRef = 24B2E06C16B3E43B0022DFAF /* badSelected.png */; };
		24B2E06F16B3E6EC0022DFAF /* goodSelected.png in Resources */ = {isa = PBXBuildFile; fileRef = 24B2E06E16B3E6EC0022DFAF /* goodSelected.png */; };
		24B2E07116B3F9400022DFAF /* closeButton.png in Resources */ = {isa = PBXBuildFile; fileRef = 24B2E07016B3F9400022DFAF /* closeButton.png */; };
/* End PBXBuildFile section */

/* Begin PBXContainerItemProxy section */
		245022D116ADD7F100FA03B0 /* PBXContainerItemProxy */ = {
			isa = PBXContainerItemProxy;
			containerPortal = 2450228816ADD7F100FA03B0 /* Project object */;
			proxyType = 1;
			remoteGlobalIDString = 2450229016ADD7F100FA03B0;
			remoteInfo = Ximly;
		};
/* End PBXContainerItemProxy section */

/* Begin PBXFileReference section */
		11AF054616B5BD2200BADCE6 /* MobileCoreServices.framework */ = {isa = PBXFileReference; lastKnownFileType = wrapper.framework; name = MobileCoreServices.framework; path = System/Library/Frameworks/MobileCoreServices.framework; sourceTree = SDKROOT; };
		11AF054916B5BD3900BADCE6 /* SystemConfiguration.framework */ = {isa = PBXFileReference; lastKnownFileType = wrapper.framework; name = SystemConfiguration.framework; path = System/Library/Frameworks/SystemConfiguration.framework; sourceTree = SDKROOT; };
		2409380216B8D40E0045446F /* Icon@2x.png */ = {isa = PBXFileReference; lastKnownFileType = image.png; path = "Icon@2x.png"; sourceTree = "<group>"; };
		2409380616B8E8B40045446F /* SFHFKeychainUtils.h */ = {isa = PBXFileReference; fileEncoding = 4; lastKnownFileType = sourcecode.c.h; path = SFHFKeychainUtils.h; sourceTree = "<group>"; };
		2409380716B8E8B40045446F /* SFHFKeychainUtils.m */ = {isa = PBXFileReference; fileEncoding = 4; lastKnownFileType = sourcecode.c.objc; path = SFHFKeychainUtils.m; sourceTree = "<group>"; };
		2409380916B8EF9C0045446F /* Security.framework */ = {isa = PBXFileReference; lastKnownFileType = wrapper.framework; name = Security.framework; path = System/Library/Frameworks/Security.framework; sourceTree = SDKROOT; };
		2409380B16B9029F0045446F /* UIImage+XMAdditions.h */ = {isa = PBXFileReference; fileEncoding = 4; lastKnownFileType = sourcecode.c.h; path = "UIImage+XMAdditions.h"; sourceTree = "<group>"; };
		2409380C16B9029F0045446F /* UIImage+XMAdditions.m */ = {isa = PBXFileReference; fileEncoding = 4; lastKnownFileType = sourcecode.c.objc; path = "UIImage+XMAdditions.m"; sourceTree = "<group>"; };
		2450229116ADD7F100FA03B0 /* ximlydev.app */ = {isa = PBXFileReference; explicitFileType = wrapper.application; includeInIndex = 0; path = ximlydev.app; sourceTree = BUILT_PRODUCTS_DIR; };
		2450229516ADD7F100FA03B0 /* UIKit.framework */ = {isa = PBXFileReference; lastKnownFileType = wrapper.framework; name = UIKit.framework; path = System/Library/Frameworks/UIKit.framework; sourceTree = SDKROOT; };
		2450229716ADD7F100FA03B0 /* Foundation.framework */ = {isa = PBXFileReference; lastKnownFileType = wrapper.framework; name = Foundation.framework; path = System/Library/Frameworks/Foundation.framework; sourceTree = SDKROOT; };
		2450229916ADD7F100FA03B0 /* CoreGraphics.framework */ = {isa = PBXFileReference; lastKnownFileType = wrapper.framework; name = CoreGraphics.framework; path = System/Library/Frameworks/CoreGraphics.framework; sourceTree = SDKROOT; };
		2450229D16ADD7F100FA03B0 /* Ximly-Info.plist */ = {isa = PBXFileReference; lastKnownFileType = text.plist.xml; path = "Ximly-Info.plist"; sourceTree = "<group>"; };
		2450229F16ADD7F100FA03B0 /* en */ = {isa = PBXFileReference; lastKnownFileType = text.plist.strings; name = en; path = en.lproj/InfoPlist.strings; sourceTree = "<group>"; };
		245022A116ADD7F100FA03B0 /* main.m */ = {isa = PBXFileReference; lastKnownFileType = sourcecode.c.objc; path = main.m; sourceTree = "<group>"; };
		245022A316ADD7F100FA03B0 /* Ximly-Prefix.pch */ = {isa = PBXFileReference; lastKnownFileType = sourcecode.c.h; path = "Ximly-Prefix.pch"; sourceTree = "<group>"; };
		245022A416ADD7F100FA03B0 /* XMAppDelegate.h */ = {isa = PBXFileReference; lastKnownFileType = sourcecode.c.h; path = XMAppDelegate.h; sourceTree = "<group>"; };
		245022A516ADD7F100FA03B0 /* XMAppDelegate.m */ = {isa = PBXFileReference; lastKnownFileType = sourcecode.c.objc; path = XMAppDelegate.m; sourceTree = "<group>"; };
		245022A716ADD7F100FA03B0 /* Default.png */ = {isa = PBXFileReference; lastKnownFileType = image.png; path = Default.png; sourceTree = "<group>"; };
		245022A916ADD7F100FA03B0 /* Default@2x.png */ = {isa = PBXFileReference; lastKnownFileType = image.png; path = "Default@2x.png"; sourceTree = "<group>"; };
		245022AB16ADD7F100FA03B0 /* Default-568h@2x.png */ = {isa = PBXFileReference; lastKnownFileType = image.png; path = "Default-568h@2x.png"; sourceTree = "<group>"; };
		245022AD16ADD7F100FA03B0 /* XMSubmissionViewController.h */ = {isa = PBXFileReference; lastKnownFileType = sourcecode.c.h; path = XMSubmissionViewController.h; sourceTree = "<group>"; };
		245022AE16ADD7F100FA03B0 /* XMSubmissionViewController.m */ = {isa = PBXFileReference; lastKnownFileType = sourcecode.c.objc; path = XMSubmissionViewController.m; sourceTree = "<group>"; };
		245022B016ADD7F100FA03B0 /* first.png */ = {isa = PBXFileReference; lastKnownFileType = image.png; path = first.png; sourceTree = "<group>"; };
		245022B216ADD7F100FA03B0 /* first@2x.png */ = {isa = PBXFileReference; lastKnownFileType = image.png; path = "first@2x.png"; sourceTree = "<group>"; };
		245022B416ADD7F100FA03B0 /* XMHistoryViewController.h */ = {isa = PBXFileReference; lastKnownFileType = sourcecode.c.h; path = XMHistoryViewController.h; sourceTree = "<group>"; };
		245022B516ADD7F100FA03B0 /* XMHistoryViewController.m */ = {isa = PBXFileReference; lastKnownFileType = sourcecode.c.objc; path = XMHistoryViewController.m; sourceTree = "<group>"; };
		245022B716ADD7F100FA03B0 /* second.png */ = {isa = PBXFileReference; lastKnownFileType = image.png; path = second.png; sourceTree = "<group>"; };
		245022B916ADD7F100FA03B0 /* second@2x.png */ = {isa = PBXFileReference; lastKnownFileType = image.png; path = "second@2x.png"; sourceTree = "<group>"; };
		245022BC16ADD7F100FA03B0 /* en */ = {isa = PBXFileReference; lastKnownFileType = file.xib; name = en; path = en.lproj/XMSubmissionViewController_iPhone.xib; sourceTree = "<group>"; };
		245022BF16ADD7F100FA03B0 /* en */ = {isa = PBXFileReference; lastKnownFileType = file.xib; name = en; path = en.lproj/XMSubmissionViewController_iPad.xib; sourceTree = "<group>"; };
		245022C216ADD7F100FA03B0 /* en */ = {isa = PBXFileReference; lastKnownFileType = file.xib; name = en; path = en.lproj/XMHistoryViewController_iPhone.xib; sourceTree = "<group>"; };
		245022C516ADD7F100FA03B0 /* en */ = {isa = PBXFileReference; lastKnownFileType = file.xib; name = en; path = en.lproj/XMHistoryViewController_iPad.xib; sourceTree = "<group>"; };
		245022CC16ADD7F100FA03B0 /* XimlyTests.octest */ = {isa = PBXFileReference; explicitFileType = wrapper.cfbundle; includeInIndex = 0; path = XimlyTests.octest; sourceTree = BUILT_PRODUCTS_DIR; };
		245022CD16ADD7F100FA03B0 /* SenTestingKit.framework */ = {isa = PBXFileReference; lastKnownFileType = wrapper.framework; name = SenTestingKit.framework; path = Library/Frameworks/SenTestingKit.framework; sourceTree = DEVELOPER_DIR; };
		245022D516ADD7F100FA03B0 /* XimlyTests-Info.plist */ = {isa = PBXFileReference; lastKnownFileType = text.plist.xml; path = "XimlyTests-Info.plist"; sourceTree = "<group>"; };
		245022D716ADD7F100FA03B0 /* en */ = {isa = PBXFileReference; lastKnownFileType = text.plist.strings; name = en; path = en.lproj/InfoPlist.strings; sourceTree = "<group>"; };
		245022D916ADD7F100FA03B0 /* XimlyTests.h */ = {isa = PBXFileReference; lastKnownFileType = sourcecode.c.h; path = XimlyTests.h; sourceTree = "<group>"; };
		245022DA16ADD7F100FA03B0 /* XimlyTests.m */ = {isa = PBXFileReference; lastKnownFileType = sourcecode.c.objc; path = XimlyTests.m; sourceTree = "<group>"; };
		2473EF1016B7D2F900885451 /* Icon-72.png */ = {isa = PBXFileReference; lastKnownFileType = image.png; path = "Icon-72.png"; sourceTree = "<group>"; };
		2473EF1116B7D2F900885451 /* Icon-Small-50.png */ = {isa = PBXFileReference; lastKnownFileType = image.png; path = "Icon-Small-50.png"; sourceTree = "<group>"; };
		2473EF1216B7D2F900885451 /* Icon-Small.png */ = {isa = PBXFileReference; lastKnownFileType = image.png; path = "Icon-Small.png"; sourceTree = "<group>"; };
		2473EF1316B7D2F900885451 /* Icon-Small@2x.png */ = {isa = PBXFileReference; lastKnownFileType = image.png; path = "Icon-Small@2x.png"; sourceTree = "<group>"; };
		2473EF1416B7D2F900885451 /* Icon.png */ = {isa = PBXFileReference; lastKnownFileType = image.png; path = Icon.png; sourceTree = "<group>"; };
		24794E5816BE293100246922 /* Intro-568h@2x.png */ = {isa = PBXFileReference; lastKnownFileType = image.png; path = "Intro-568h@2x.png"; sourceTree = "<group>"; };
		24794E5916BE293200246922 /* Intro@2x.png */ = {isa = PBXFileReference; lastKnownFileType = image.png; path = "Intro@2x.png"; sourceTree = "<group>"; };
		2486248B16AE67EE00DDCA75 /* XMHistoryTableViewCell.h */ = {isa = PBXFileReference; fileEncoding = 4; lastKnownFileType = sourcecode.c.h; path = XMHistoryTableViewCell.h; sourceTree = "<group>"; };
		2486248C16AE67EE00DDCA75 /* XMHistoryTableViewCell.m */ = {isa = PBXFileReference; fileEncoding = 4; lastKnownFileType = sourcecode.c.objc; path = XMHistoryTableViewCell.m; sourceTree = "<group>"; };
		2486248E16AE681D00DDCA75 /* XMHistoryTableViewCell.xib */ = {isa = PBXFileReference; fileEncoding = 4; lastKnownFileType = file.xib; path = XMHistoryTableViewCell.xib; sourceTree = "<group>"; };
		2486249016AE7D0100DDCA75 /* XMJobDetailViewController.h */ = {isa = PBXFileReference; fileEncoding = 4; lastKnownFileType = sourcecode.c.h; path = XMJobDetailViewController.h; sourceTree = "<group>"; };
		2486249116AE7D0100DDCA75 /* XMJobDetailViewController.m */ = {isa = PBXFileReference; fileEncoding = 4; lastKnownFileType = sourcecode.c.objc; path = XMJobDetailViewController.m; sourceTree = "<group>"; };
		2486249216AE7D0100DDCA75 /* XMJobDetailViewController.xib */ = {isa = PBXFileReference; fileEncoding = 4; lastKnownFileType = file.xib; path = XMJobDetailViewController.xib; sourceTree = "<group>"; };
		2486249516AFDAB800DDCA75 /* XMImageCache.h */ = {isa = PBXFileReference; fileEncoding = 4; lastKnownFileType = sourcecode.c.h; path = XMImageCache.h; sourceTree = "<group>"; };
		2486249616AFDAB800DDCA75 /* XMImageCache.m */ = {isa = PBXFileReference; fileEncoding = 4; lastKnownFileType = sourcecode.c.objc; path = XMImageCache.m; sourceTree = "<group>"; };
		248624A216AFEFFB00DDCA75 /* XMUtilities.h */ = {isa = PBXFileReference; fileEncoding = 4; lastKnownFileType = sourcecode.c.h; path = XMUtilities.h; sourceTree = "<group>"; };
		248624A316AFEFFB00DDCA75 /* XMUtilities.m */ = {isa = PBXFileReference; fileEncoding = 4; lastKnownFileType = sourcecode.c.objc; path = XMUtilities.m; sourceTree = "<group>"; };
		248A4CC216ADEA2E0042B46C /* XMIntroViewController.h */ = {isa = PBXFileReference; fileEncoding = 4; lastKnownFileType = sourcecode.c.h; path = XMIntroViewController.h; sourceTree = "<group>"; };
		248A4CC316ADEA2E0042B46C /* XMIntroViewController.m */ = {isa = PBXFileReference; fileEncoding = 4; lastKnownFileType = sourcecode.c.objc; path = XMIntroViewController.m; sourceTree = "<group>"; };
		248A4CC416ADEA2E0042B46C /* XMIntroViewController.xib */ = {isa = PBXFileReference; fileEncoding = 4; lastKnownFileType = file.xib; path = XMIntroViewController.xib; sourceTree = "<group>"; };
		248A4CDC16ADF2310042B46C /* Intro.png */ = {isa = PBXFileReference; lastKnownFileType = image.png; path = Intro.png; sourceTree = "<group>"; };
		248A4CE816AE1FE20042B46C /* XMXimlyHTTPClient.h */ = {isa = PBXFileReference; fileEncoding = 4; lastKnownFileType = sourcecode.c.h; path = XMXimlyHTTPClient.h; sourceTree = "<group>"; };
		248A4CE916AE1FE20042B46C /* XMXimlyHTTPClient.m */ = {isa = PBXFileReference; fileEncoding = 4; lastKnownFileType = sourcecode.c.objc; path = XMXimlyHTTPClient.m; sourceTree = "<group>"; };
		24A782A516B47E6A0091AB46 /* XMJobList.h */ = {isa = PBXFileReference; fileEncoding = 4; lastKnownFileType = sourcecode.c.h; path = XMJobList.h; sourceTree = "<group>"; };
		24A782A616B47E6A0091AB46 /* XMJobList.m */ = {isa = PBXFileReference; fileEncoding = 4; lastKnownFileType = sourcecode.c.objc; path = XMJobList.m; sourceTree = "<group>"; };
		24A782A916B47E820091AB46 /* XMJob.h */ = {isa = PBXFileReference; fileEncoding = 4; lastKnownFileType = sourcecode.c.h; path = XMJob.h; sourceTree = "<group>"; };
		24A782AA16B47E820091AB46 /* XMJob.m */ = {isa = PBXFileReference; fileEncoding = 4; lastKnownFileType = sourcecode.c.objc; path = XMJob.m; sourceTree = "<group>"; };
		24A782C016B4F6A00091AB46 /* sample1.jpg */ = {isa = PBXFileReference; lastKnownFileType = image.jpeg; path = sample1.jpg; sourceTree = "<group>"; };
		24A782C116B4F6A10091AB46 /* sample2.jpg */ = {isa = PBXFileReference; lastKnownFileType = image.jpeg; path = sample2.jpg; sourceTree = "<group>"; };
		24A782C216B4F6A10091AB46 /* sample3.jpg */ = {isa = PBXFileReference; lastKnownFileType = image.jpeg; path = sample3.jpg; sourceTree = "<group>"; };
		24A782C316B4F6A20091AB46 /* sample4.jpg */ = {isa = PBXFileReference; lastKnownFileType = image.jpeg; path = sample4.jpg; sourceTree = "<group>"; };
		24B2E04A16B3D21E0022DFAF /* XMRateJobViewController.h */ = {isa = PBXFileReference; fileEncoding = 4; lastKnownFileType = sourcecode.c.h; path = XMRateJobViewController.h; sourceTree = "<group>"; };
		24B2E04B16B3D21E0022DFAF /* XMRateJobViewController.m */ = {isa = PBXFileReference; fileEncoding = 4; lastKnownFileType = sourcecode.c.objc; path = XMRateJobViewController.m; sourceTree = "<group>"; };
		24B2E04C16B3D21E0022DFAF /* XMRateJobViewController.xib */ = {isa = PBXFileReference; fileEncoding = 4; lastKnownFileType = file.xib; path = XMRateJobViewController.xib; sourceTree = "<group>"; };
		24B2E06416B3D5150022DFAF /* QuartzCore.framework */ = {isa = PBXFileReference; lastKnownFileType = wrapper.framework; name = QuartzCore.framework; path = System/Library/Frameworks/QuartzCore.framework; sourceTree = SDKROOT; };
		24B2E06816B3E1EF0022DFAF /* bad.png */ = {isa = PBXFileReference; lastKnownFileType = image.png; path = bad.png; sourceTree = "<group>"; };
		24B2E06916B3E1EF0022DFAF /* good.png */ = {isa = PBXFileReference; lastKnownFileType = image.png; path = good.png; sourceTree = "<group>"; };
		24B2E06C16B3E43B0022DFAF /* badSelected.png */ = {isa = PBXFileReference; lastKnownFileType = image.png; path = badSelected.png; sourceTree = "<group>"; };
		24B2E06E16B3E6EC0022DFAF /* goodSelected.png */ = {isa = PBXFileReference; lastKnownFileType = image.png; path = goodSelected.png; sourceTree = "<group>"; };
		24B2E07016B3F9400022DFAF /* closeButton.png */ = {isa = PBXFileReference; lastKnownFileType = image.png; path = closeButton.png; sourceTree = "<group>"; };
		443383F986B54B62861349AB /* Pods.xcconfig */ = {isa = PBXFileReference; includeInIndex = 1; lastKnownFileType = text.xcconfig; name = Pods.xcconfig; path = Pods/Pods.xcconfig; sourceTree = SOURCE_ROOT; };
		F23C08989CC04E6D986F4BB5 /* libPods.a */ = {isa = PBXFileReference; explicitFileType = archive.ar; includeInIndex = 0; path = libPods.a; sourceTree = BUILT_PRODUCTS_DIR; };
/* End PBXFileReference section */

/* Begin PBXFrameworksBuildPhase section */
		2450228E16ADD7F100FA03B0 /* Frameworks */ = {
			isa = PBXFrameworksBuildPhase;
			buildActionMask = 2147483647;
			files = (
				2409380A16B8EF9C0045446F /* Security.framework in Frameworks */,
				11AF054A16B5BD3900BADCE6 /* SystemConfiguration.framework in Frameworks */,
				11AF054716B5BD2200BADCE6 /* MobileCoreServices.framework in Frameworks */,
				24B2E06516B3D5150022DFAF /* QuartzCore.framework in Frameworks */,
				2450229616ADD7F100FA03B0 /* UIKit.framework in Frameworks */,
				2450229816ADD7F100FA03B0 /* Foundation.framework in Frameworks */,
				2450229A16ADD7F100FA03B0 /* CoreGraphics.framework in Frameworks */,
				13CD030F926343A7A5CC5475 /* libPods.a in Frameworks */,
			);
			runOnlyForDeploymentPostprocessing = 0;
		};
		245022C816ADD7F100FA03B0 /* Frameworks */ = {
			isa = PBXFrameworksBuildPhase;
			buildActionMask = 2147483647;
			files = (
				245022CE16ADD7F100FA03B0 /* SenTestingKit.framework in Frameworks */,
				245022CF16ADD7F100FA03B0 /* UIKit.framework in Frameworks */,
				245022D016ADD7F100FA03B0 /* Foundation.framework in Frameworks */,
			);
			runOnlyForDeploymentPostprocessing = 0;
		};
/* End PBXFrameworksBuildPhase section */

/* Begin PBXGroup section */
		2409380416B8E8360045446F /* ThirdParty */ = {
			isa = PBXGroup;
			children = (
				2409380516B8E86F0045446F /* SFHFKeychainUtils */,
			);
			name = ThirdParty;
			sourceTree = "<group>";
		};
		2409380516B8E86F0045446F /* SFHFKeychainUtils */ = {
			isa = PBXGroup;
			children = (
				2409380616B8E8B40045446F /* SFHFKeychainUtils.h */,
				2409380716B8E8B40045446F /* SFHFKeychainUtils.m */,
			);
			name = SFHFKeychainUtils;
			sourceTree = "<group>";
		};
		2450228616ADD7F100FA03B0 = {
			isa = PBXGroup;
			children = (
				2409380916B8EF9C0045446F /* Security.framework */,
				11AF054916B5BD3900BADCE6 /* SystemConfiguration.framework */,
				11AF054616B5BD2200BADCE6 /* MobileCoreServices.framework */,
				24B2E06416B3D5150022DFAF /* QuartzCore.framework */,
				2450229B16ADD7F100FA03B0 /* Ximly */,
				245022D316ADD7F100FA03B0 /* XimlyTests */,
				2450229416ADD7F100FA03B0 /* Frameworks */,
				2450229216ADD7F100FA03B0 /* Products */,
				443383F986B54B62861349AB /* Pods.xcconfig */,
			);
			sourceTree = "<group>";
		};
		2450229216ADD7F100FA03B0 /* Products */ = {
			isa = PBXGroup;
			children = (
				2450229116ADD7F100FA03B0 /* ximlydev.app */,
				245022CC16ADD7F100FA03B0 /* XimlyTests.octest */,
			);
			name = Products;
			sourceTree = "<group>";
		};
		2450229416ADD7F100FA03B0 /* Frameworks */ = {
			isa = PBXGroup;
			children = (
				2450229516ADD7F100FA03B0 /* UIKit.framework */,
				2450229716ADD7F100FA03B0 /* Foundation.framework */,
				2450229916ADD7F100FA03B0 /* CoreGraphics.framework */,
				245022CD16ADD7F100FA03B0 /* SenTestingKit.framework */,
				F23C08989CC04E6D986F4BB5 /* libPods.a */,
			);
			name = Frameworks;
			sourceTree = "<group>";
		};
		2450229B16ADD7F100FA03B0 /* Ximly */ = {
			isa = PBXGroup;
			children = (
				2409380B16B9029F0045446F /* UIImage+XMAdditions.h */,
				2409380C16B9029F0045446F /* UIImage+XMAdditions.m */,
				245022A416ADD7F100FA03B0 /* XMAppDelegate.h */,
				245022A516ADD7F100FA03B0 /* XMAppDelegate.m */,
				2486248B16AE67EE00DDCA75 /* XMHistoryTableViewCell.h */,
				2486248C16AE67EE00DDCA75 /* XMHistoryTableViewCell.m */,
				2486248E16AE681D00DDCA75 /* XMHistoryTableViewCell.xib */,
				245022B416ADD7F100FA03B0 /* XMHistoryViewController.h */,
				245022B516ADD7F100FA03B0 /* XMHistoryViewController.m */,
				245022C116ADD7F100FA03B0 /* XMHistoryViewController_iPhone.xib */,
				245022C416ADD7F100FA03B0 /* XMHistoryViewController_iPad.xib */,
				2486249516AFDAB800DDCA75 /* XMImageCache.h */,
				2486249616AFDAB800DDCA75 /* XMImageCache.m */,
				248A4CC216ADEA2E0042B46C /* XMIntroViewController.h */,
				248A4CC316ADEA2E0042B46C /* XMIntroViewController.m */,
				248A4CC416ADEA2E0042B46C /* XMIntroViewController.xib */,
				24A782A916B47E820091AB46 /* XMJob.h */,
				24A782AA16B47E820091AB46 /* XMJob.m */,
				2486249016AE7D0100DDCA75 /* XMJobDetailViewController.h */,
				2486249116AE7D0100DDCA75 /* XMJobDetailViewController.m */,
				2486249216AE7D0100DDCA75 /* XMJobDetailViewController.xib */,
				24A782A516B47E6A0091AB46 /* XMJobList.h */,
				24A782A616B47E6A0091AB46 /* XMJobList.m */,
				24B2E04A16B3D21E0022DFAF /* XMRateJobViewController.h */,
				24B2E04B16B3D21E0022DFAF /* XMRateJobViewController.m */,
				24B2E04C16B3D21E0022DFAF /* XMRateJobViewController.xib */,
				245022AD16ADD7F100FA03B0 /* XMSubmissionViewController.h */,
				245022AE16ADD7F100FA03B0 /* XMSubmissionViewController.m */,
				245022BB16ADD7F100FA03B0 /* XMSubmissionViewController_iPhone.xib */,
				245022BE16ADD7F100FA03B0 /* XMSubmissionViewController_iPad.xib */,
				248624A216AFEFFB00DDCA75 /* XMUtilities.h */,
				248624A316AFEFFB00DDCA75 /* XMUtilities.m */,
				248A4CE816AE1FE20042B46C /* XMXimlyHTTPClient.h */,
				248A4CE916AE1FE20042B46C /* XMXimlyHTTPClient.m */,
				24B2E06816B3E1EF0022DFAF /* bad.png */,
				24B2E06C16B3E43B0022DFAF /* badSelected.png */,
				24B2E07016B3F9400022DFAF /* closeButton.png */,
				245022B016ADD7F100FA03B0 /* first.png */,
				245022B216ADD7F100FA03B0 /* first@2x.png */,
				24B2E06916B3E1EF0022DFAF /* good.png */,
				24B2E06E16B3E6EC0022DFAF /* goodSelected.png */,
				24794E5816BE293100246922 /* Intro-568h@2x.png */,
				24794E5916BE293200246922 /* Intro@2x.png */,
				248A4CDC16ADF2310042B46C /* Intro.png */,
				24A782C016B4F6A00091AB46 /* sample1.jpg */,
				24A782C116B4F6A10091AB46 /* sample2.jpg */,
				24A782C216B4F6A10091AB46 /* sample3.jpg */,
				24A782C316B4F6A20091AB46 /* sample4.jpg */,
				245022B716ADD7F100FA03B0 /* second.png */,
				245022B916ADD7F100FA03B0 /* second@2x.png */,
				2409380416B8E8360045446F /* ThirdParty */,
				2450229C16ADD7F100FA03B0 /* Supporting Files */,
			);
			path = Ximly;
			sourceTree = "<group>";
		};
		2450229C16ADD7F100FA03B0 /* Supporting Files */ = {
			isa = PBXGroup;
			children = (
				2473EF1016B7D2F900885451 /* Icon-72.png */,
				2473EF1116B7D2F900885451 /* Icon-Small-50.png */,
				2473EF1216B7D2F900885451 /* Icon-Small.png */,
				2473EF1316B7D2F900885451 /* Icon-Small@2x.png */,
				2473EF1416B7D2F900885451 /* Icon.png */,
				2409380216B8D40E0045446F /* Icon@2x.png */,
				2450229D16ADD7F100FA03B0 /* Ximly-Info.plist */,
				2450229E16ADD7F100FA03B0 /* InfoPlist.strings */,
				245022A116ADD7F100FA03B0 /* main.m */,
				245022A316ADD7F100FA03B0 /* Ximly-Prefix.pch */,
				245022A716ADD7F100FA03B0 /* Default.png */,
				245022A916ADD7F100FA03B0 /* Default@2x.png */,
				245022AB16ADD7F100FA03B0 /* Default-568h@2x.png */,
			);
			name = "Supporting Files";
			sourceTree = "<group>";
		};
		245022D316ADD7F100FA03B0 /* XimlyTests */ = {
			isa = PBXGroup;
			children = (
				245022D916ADD7F100FA03B0 /* XimlyTests.h */,
				245022DA16ADD7F100FA03B0 /* XimlyTests.m */,
				245022D416ADD7F100FA03B0 /* Supporting Files */,
			);
			path = XimlyTests;
			sourceTree = "<group>";
		};
		245022D416ADD7F100FA03B0 /* Supporting Files */ = {
			isa = PBXGroup;
			children = (
				245022D516ADD7F100FA03B0 /* XimlyTests-Info.plist */,
				245022D616ADD7F100FA03B0 /* InfoPlist.strings */,
			);
			name = "Supporting Files";
			sourceTree = "<group>";
		};
/* End PBXGroup section */

/* Begin PBXNativeTarget section */
		2450229016ADD7F100FA03B0 /* Ximly */ = {
			isa = PBXNativeTarget;
			buildConfigurationList = 245022DE16ADD7F100FA03B0 /* Build configuration list for PBXNativeTarget "Ximly" */;
			buildPhases = (
				2450228D16ADD7F100FA03B0 /* Sources */,
				2450228E16ADD7F100FA03B0 /* Frameworks */,
				2450228F16ADD7F100FA03B0 /* Resources */,
				B3DCAA591DB8435C854F1293 /* Copy Pods Resources */,
			);
			buildRules = (
			);
			dependencies = (
			);
			name = Ximly;
			productName = Ximly;
			productReference = 2450229116ADD7F100FA03B0 /* ximlydev.app */;
			productType = "com.apple.product-type.application";
		};
		245022CB16ADD7F100FA03B0 /* XimlyTests */ = {
			isa = PBXNativeTarget;
			buildConfigurationList = 245022E116ADD7F100FA03B0 /* Build configuration list for PBXNativeTarget "XimlyTests" */;
			buildPhases = (
				245022C716ADD7F100FA03B0 /* Sources */,
				245022C816ADD7F100FA03B0 /* Frameworks */,
				245022C916ADD7F100FA03B0 /* Resources */,
				245022CA16ADD7F100FA03B0 /* ShellScript */,
			);
			buildRules = (
			);
			dependencies = (
				245022D216ADD7F100FA03B0 /* PBXTargetDependency */,
			);
			name = XimlyTests;
			productName = XimlyTests;
			productReference = 245022CC16ADD7F100FA03B0 /* XimlyTests.octest */;
			productType = "com.apple.product-type.bundle";
		};
/* End PBXNativeTarget section */

/* Begin PBXProject section */
		2450228816ADD7F100FA03B0 /* Project object */ = {
			isa = PBXProject;
			attributes = {
				CLASSPREFIX = XM;
				LastUpgradeCheck = 0450;
				ORGANIZATIONNAME = "Young-Kyu Yoo";
			};
			buildConfigurationList = 2450228B16ADD7F100FA03B0 /* Build configuration list for PBXProject "Ximly" */;
			compatibilityVersion = "Xcode 3.2";
			developmentRegion = English;
			hasScannedForEncodings = 0;
			knownRegions = (
				en,
			);
			mainGroup = 2450228616ADD7F100FA03B0;
			productRefGroup = 2450229216ADD7F100FA03B0 /* Products */;
			projectDirPath = "";
			projectRoot = "";
			targets = (
				2450229016ADD7F100FA03B0 /* Ximly */,
				245022CB16ADD7F100FA03B0 /* XimlyTests */,
			);
		};
/* End PBXProject section */

/* Begin PBXResourcesBuildPhase section */
		2450228F16ADD7F100FA03B0 /* Resources */ = {
			isa = PBXResourcesBuildPhase;
			buildActionMask = 2147483647;
			files = (
				245022A016ADD7F100FA03B0 /* InfoPlist.strings in Resources */,
				245022A816ADD7F100FA03B0 /* Default.png in Resources */,
				245022AA16ADD7F100FA03B0 /* Default@2x.png in Resources */,
				245022AC16ADD7F100FA03B0 /* Default-568h@2x.png in Resources */,
				245022B116ADD7F100FA03B0 /* first.png in Resources */,
				245022B316ADD7F100FA03B0 /* first@2x.png in Resources */,
				245022B816ADD7F100FA03B0 /* second.png in Resources */,
				245022BA16ADD7F100FA03B0 /* second@2x.png in Resources */,
				245022BD16ADD7F100FA03B0 /* XMSubmissionViewController_iPhone.xib in Resources */,
				245022C016ADD7F100FA03B0 /* XMSubmissionViewController_iPad.xib in Resources */,
				245022C316ADD7F100FA03B0 /* XMHistoryViewController_iPhone.xib in Resources */,
				245022C616ADD7F100FA03B0 /* XMHistoryViewController_iPad.xib in Resources */,
				248A4CC616ADEA2F0042B46C /* XMIntroViewController.xib in Resources */,
				248A4CDD16ADF2320042B46C /* Intro.png in Resources */,
				2486248F16AE681D00DDCA75 /* XMHistoryTableViewCell.xib in Resources */,
				2486249416AE7D0100DDCA75 /* XMJobDetailViewController.xib in Resources */,
				24B2E04E16B3D21E0022DFAF /* XMRateJobViewController.xib in Resources */,
				24B2E06A16B3E1F00022DFAF /* bad.png in Resources */,
				24B2E06B16B3E1F00022DFAF /* good.png in Resources */,
				24B2E06D16B3E43B0022DFAF /* badSelected.png in Resources */,
				24B2E06F16B3E6EC0022DFAF /* goodSelected.png in Resources */,
				24B2E07116B3F9400022DFAF /* closeButton.png in Resources */,
				24A782C416B4F6A20091AB46 /* sample1.jpg in Resources */,
				24A782C516B4F6A20091AB46 /* sample2.jpg in Resources */,
				24A782C616B4F6A20091AB46 /* sample3.jpg in Resources */,
				24A782C716B4F6A20091AB46 /* sample4.jpg in Resources */,
				2473EF1616B7D2F900885451 /* Icon-72.png in Resources */,
				2473EF1716B7D2F900885451 /* Icon-Small-50.png in Resources */,
				2473EF1816B7D2F900885451 /* Icon-Small.png in Resources */,
				2473EF1916B7D2F900885451 /* Icon-Small@2x.png in Resources */,
				2473EF1A16B7D2F900885451 /* Icon.png in Resources */,
				2409380316B8D40E0045446F /* Icon@2x.png in Resources */,
				24794E5A16BE293200246922 /* Intro-568h@2x.png in Resources */,
				24794E5B16BE293200246922 /* Intro@2x.png in Resources */,
			);
			runOnlyForDeploymentPostprocessing = 0;
		};
		245022C916ADD7F100FA03B0 /* Resources */ = {
			isa = PBXResourcesBuildPhase;
			buildActionMask = 2147483647;
			files = (
				245022D816ADD7F100FA03B0 /* InfoPlist.strings in Resources */,
			);
			runOnlyForDeploymentPostprocessing = 0;
		};
/* End PBXResourcesBuildPhase section */

/* Begin PBXShellScriptBuildPhase section */
		245022CA16ADD7F100FA03B0 /* ShellScript */ = {
			isa = PBXShellScriptBuildPhase;
			buildActionMask = 2147483647;
			files = (
			);
			inputPaths = (
			);
			outputPaths = (
			);
			runOnlyForDeploymentPostprocessing = 0;
			shellPath = /bin/sh;
			shellScript = "# Run the unit tests in this test bundle.\n\"${SYSTEM_DEVELOPER_DIR}/Tools/RunUnitTests\"\n";
		};
		B3DCAA591DB8435C854F1293 /* Copy Pods Resources */ = {
			isa = PBXShellScriptBuildPhase;
			buildActionMask = 2147483647;
			files = (
			);
			inputPaths = (
			);
			name = "Copy Pods Resources";
			outputPaths = (
			);
			runOnlyForDeploymentPostprocessing = 0;
			shellPath = /bin/sh;
			shellScript = "\"${SRCROOT}/Pods/Pods-resources.sh\"\n";
		};
/* End PBXShellScriptBuildPhase section */

/* Begin PBXSourcesBuildPhase section */
		2450228D16ADD7F100FA03B0 /* Sources */ = {
			isa = PBXSourcesBuildPhase;
			buildActionMask = 2147483647;
			files = (
				245022A216ADD7F100FA03B0 /* main.m in Sources */,
				245022A616ADD7F100FA03B0 /* XMAppDelegate.m in Sources */,
				245022AF16ADD7F100FA03B0 /* XMSubmissionViewController.m in Sources */,
				245022B616ADD7F100FA03B0 /* XMHistoryViewController.m in Sources */,
				248A4CC516ADEA2F0042B46C /* XMIntroViewController.m in Sources */,
				248A4CEA16AE1FE20042B46C /* XMXimlyHTTPClient.m in Sources */,
				2486248D16AE67EE00DDCA75 /* XMHistoryTableViewCell.m in Sources */,
				2486249316AE7D0100DDCA75 /* XMJobDetailViewController.m in Sources */,
				2486249716AFDAB900DDCA75 /* XMImageCache.m in Sources */,
				248624A416AFEFFB00DDCA75 /* XMUtilities.m in Sources */,
				24B2E04D16B3D21E0022DFAF /* XMRateJobViewController.m in Sources */,
				24A782A716B47E6A0091AB46 /* XMJobList.m in Sources */,
				24A782AB16B47E820091AB46 /* XMJob.m in Sources */,
				2409380816B8E8B40045446F /* SFHFKeychainUtils.m in Sources */,
				2409380D16B9029F0045446F /* UIImage+XMAdditions.m in Sources */,
			);
			runOnlyForDeploymentPostprocessing = 0;
		};
		245022C716ADD7F100FA03B0 /* Sources */ = {
			isa = PBXSourcesBuildPhase;
			buildActionMask = 2147483647;
			files = (
				245022DB16ADD7F100FA03B0 /* XimlyTests.m in Sources */,
			);
			runOnlyForDeploymentPostprocessing = 0;
		};
/* End PBXSourcesBuildPhase section */

/* Begin PBXTargetDependency section */
		245022D216ADD7F100FA03B0 /* PBXTargetDependency */ = {
			isa = PBXTargetDependency;
			target = 2450229016ADD7F100FA03B0 /* Ximly */;
			targetProxy = 245022D116ADD7F100FA03B0 /* PBXContainerItemProxy */;
		};
/* End PBXTargetDependency section */

/* Begin PBXVariantGroup section */
		2450229E16ADD7F100FA03B0 /* InfoPlist.strings */ = {
			isa = PBXVariantGroup;
			children = (
				2450229F16ADD7F100FA03B0 /* en */,
			);
			name = InfoPlist.strings;
			sourceTree = "<group>";
		};
		245022BB16ADD7F100FA03B0 /* XMSubmissionViewController_iPhone.xib */ = {
			isa = PBXVariantGroup;
			children = (
				245022BC16ADD7F100FA03B0 /* en */,
			);
			name = XMSubmissionViewController_iPhone.xib;
			sourceTree = "<group>";
		};
		245022BE16ADD7F100FA03B0 /* XMSubmissionViewController_iPad.xib */ = {
			isa = PBXVariantGroup;
			children = (
				245022BF16ADD7F100FA03B0 /* en */,
			);
			name = XMSubmissionViewController_iPad.xib;
			sourceTree = "<group>";
		};
		245022C116ADD7F100FA03B0 /* XMHistoryViewController_iPhone.xib */ = {
			isa = PBXVariantGroup;
			children = (
				245022C216ADD7F100FA03B0 /* en */,
			);
			name = XMHistoryViewController_iPhone.xib;
			sourceTree = "<group>";
		};
		245022C416ADD7F100FA03B0 /* XMHistoryViewController_iPad.xib */ = {
			isa = PBXVariantGroup;
			children = (
				245022C516ADD7F100FA03B0 /* en */,
			);
			name = XMHistoryViewController_iPad.xib;
			sourceTree = "<group>";
		};
		245022D616ADD7F100FA03B0 /* InfoPlist.strings */ = {
			isa = PBXVariantGroup;
			children = (
				245022D716ADD7F100FA03B0 /* en */,
			);
			name = InfoPlist.strings;
			sourceTree = "<group>";
		};
/* End PBXVariantGroup section */

/* Begin XCBuildConfiguration section */
		245022DC16ADD7F100FA03B0 /* Debug */ = {
			isa = XCBuildConfiguration;
			buildSettings = {
				ALWAYS_SEARCH_USER_PATHS = NO;
				CLANG_CXX_LANGUAGE_STANDARD = "gnu++0x";
				CLANG_CXX_LIBRARY = "libc++";
				CLANG_ENABLE_OBJC_ARC = YES;
				CLANG_WARN_EMPTY_BODY = YES;
				CLANG_WARN__DUPLICATE_METHOD_MATCH = YES;
				CODE_SIGN_IDENTITY = "iPhone Developer: sid RAM (J5N46J8WFR)";
				"CODE_SIGN_IDENTITY[sdk=iphoneos*]" = "iPhone Developer: sid RAM (J5N46J8WFR)";
				COPY_PHASE_STRIP = NO;
				GCC_C_LANGUAGE_STANDARD = gnu99;
				GCC_DYNAMIC_NO_PIC = NO;
				GCC_OPTIMIZATION_LEVEL = 0;
				GCC_PREPROCESSOR_DEFINITIONS = (
					"DEBUG=1",
					"$(inherited)",
				);
				GCC_SYMBOLS_PRIVATE_EXTERN = NO;
				GCC_WARN_ABOUT_RETURN_TYPE = YES;
				GCC_WARN_UNINITIALIZED_AUTOS = YES;
				GCC_WARN_UNUSED_VARIABLE = YES;
				IPHONEOS_DEPLOYMENT_TARGET = 6.0;
				ONLY_ACTIVE_ARCH = YES;
				PROVISIONING_PROFILE = "89A1E714-9151-41BD-A766-B00145977927";
				"PROVISIONING_PROFILE[sdk=iphoneos*]" = "662B331B-EB8B-4A8F-ACB0-699DC6F9924E";
				SDKROOT = iphoneos;
				TARGETED_DEVICE_FAMILY = "1,2";
			};
			name = Debug;
		};
		245022DD16ADD7F100FA03B0 /* Release */ = {
			isa = XCBuildConfiguration;
			buildSettings = {
				ALWAYS_SEARCH_USER_PATHS = NO;
				CLANG_CXX_LANGUAGE_STANDARD = "gnu++0x";
				CLANG_CXX_LIBRARY = "libc++";
				CLANG_ENABLE_OBJC_ARC = YES;
				CLANG_WARN_EMPTY_BODY = YES;
				CLANG_WARN__DUPLICATE_METHOD_MATCH = YES;
				CODE_SIGN_IDENTITY = "iPhone Developer: sid RAM (J5N46J8WFR)";
				"CODE_SIGN_IDENTITY[sdk=iphoneos*]" = "iPhone Developer: sid RAM (J5N46J8WFR)";
				COPY_PHASE_STRIP = YES;
				GCC_C_LANGUAGE_STANDARD = gnu99;
				GCC_WARN_ABOUT_RETURN_TYPE = YES;
				GCC_WARN_UNINITIALIZED_AUTOS = YES;
				GCC_WARN_UNUSED_VARIABLE = YES;
				IPHONEOS_DEPLOYMENT_TARGET = 6.0;
				OTHER_CFLAGS = "-DNS_BLOCK_ASSERTIONS=1";
				PROVISIONING_PROFILE = "89A1E714-9151-41BD-A766-B00145977927";
				"PROVISIONING_PROFILE[sdk=iphoneos*]" = "662B331B-EB8B-4A8F-ACB0-699DC6F9924E";
				SDKROOT = iphoneos;
				TARGETED_DEVICE_FAMILY = "1,2";
				VALIDATE_PRODUCT = YES;
			};
			name = Release;
		};
		245022DF16ADD7F100FA03B0 /* Debug */ = {
			isa = XCBuildConfiguration;
			baseConfigurationReference = 443383F986B54B62861349AB /* Pods.xcconfig */;
			buildSettings = {
				CODE_SIGN_IDENTITY = "iPhone Developer: sid RAM (J5N46J8WFR)";
				"CODE_SIGN_IDENTITY[sdk=iphoneos*]" = "iPhone Developer: sid RAM (J5N46J8WFR)";
				GCC_PRECOMPILE_PREFIX_HEADER = YES;
				GCC_PREFIX_HEADER = "Ximly/Ximly-Prefix.pch";
				INFOPLIST_FILE = "Ximly/Ximly-Info.plist";
				PRODUCT_NAME = ximlydev;
				PROVISIONING_PROFILE = "89A1E714-9151-41BD-A766-B00145977927";
				"PROVISIONING_PROFILE[sdk=iphoneos*]" = "89A1E714-9151-41BD-A766-B00145977927";
				WRAPPER_EXTENSION = app;
			};
			name = Debug;
		};
		245022E016ADD7F100FA03B0 /* Release */ = {
			isa = XCBuildConfiguration;
			baseConfigurationReference = 443383F986B54B62861349AB /* Pods.xcconfig */;
			buildSettings = {
				CODE_SIGN_IDENTITY = "iPhone Developer: sid RAM (J5N46J8WFR)";
				"CODE_SIGN_IDENTITY[sdk=iphoneos*]" = "iPhone Developer: sid RAM (J5N46J8WFR)";
				GCC_PRECOMPILE_PREFIX_HEADER = YES;
				GCC_PREFIX_HEADER = "Ximly/Ximly-Prefix.pch";
				INFOPLIST_FILE = "Ximly/Ximly-Info.plist";
				PRODUCT_NAME = ximlydev;
				PROVISIONING_PROFILE = "89A1E714-9151-41BD-A766-B00145977927";
				"PROVISIONING_PROFILE[sdk=iphoneos*]" = "89A1E714-9151-41BD-A766-B00145977927";
				WRAPPER_EXTENSION = app;
			};
			name = Release;
		};
		245022E216ADD7F100FA03B0 /* Debug */ = {
			isa = XCBuildConfiguration;
			buildSettings = {
				BUNDLE_LOADER = "$(BUILT_PRODUCTS_DIR)/Ximly.app/Ximly";
				FRAMEWORK_SEARCH_PATHS = (
					"\"$(SDKROOT)/Developer/Library/Frameworks\"",
					"\"$(DEVELOPER_LIBRARY_DIR)/Frameworks\"",
				);
				GCC_PRECOMPILE_PREFIX_HEADER = YES;
				GCC_PREFIX_HEADER = "Ximly/Ximly-Prefix.pch";
				INFOPLIST_FILE = "XimlyTests/XimlyTests-Info.plist";
				PRODUCT_NAME = "$(TARGET_NAME)";
				TEST_HOST = "$(BUNDLE_LOADER)";
				WRAPPER_EXTENSION = octest;
			};
			name = Debug;
		};
		245022E316ADD7F100FA03B0 /* Release */ = {
			isa = XCBuildConfiguration;
			buildSettings = {
				BUNDLE_LOADER = "$(BUILT_PRODUCTS_DIR)/Ximly.app/Ximly";
				FRAMEWORK_SEARCH_PATHS = (
					"\"$(SDKROOT)/Developer/Library/Frameworks\"",
					"\"$(DEVELOPER_LIBRARY_DIR)/Frameworks\"",
				);
				GCC_PRECOMPILE_PREFIX_HEADER = YES;
				GCC_PREFIX_HEADER = "Ximly/Ximly-Prefix.pch";
				INFOPLIST_FILE = "XimlyTests/XimlyTests-Info.plist";
				PRODUCT_NAME = "$(TARGET_NAME)";
				TEST_HOST = "$(BUNDLE_LOADER)";
				WRAPPER_EXTENSION = octest;
			};
			name = Release;
		};
/* End XCBuildConfiguration section */

/* Begin XCConfigurationList section */
		2450228B16ADD7F100FA03B0 /* Build configuration list for PBXProject "Ximly" */ = {
			isa = XCConfigurationList;
			buildConfigurations = (
				245022DC16ADD7F100FA03B0 /* Debug */,
				245022DD16ADD7F100FA03B0 /* Release */,
			);
			defaultConfigurationIsVisible = 0;
			defaultConfigurationName = Release;
		};
		245022DE16ADD7F100FA03B0 /* Build configuration list for PBXNativeTarget "Ximly" */ = {
			isa = XCConfigurationList;
			buildConfigurations = (
				245022DF16ADD7F100FA03B0 /* Debug */,
				245022E016ADD7F100FA03B0 /* Release */,
			);
			defaultConfigurationIsVisible = 0;
			defaultConfigurationName = Release;
		};
		245022E116ADD7F100FA03B0 /* Build configuration list for PBXNativeTarget "XimlyTests" */ = {
			isa = XCConfigurationList;
			buildConfigurations = (
				245022E216ADD7F100FA03B0 /* Debug */,
				245022E316ADD7F100FA03B0 /* Release */,
			);
			defaultConfigurationIsVisible = 0;
			defaultConfigurationName = Release;
		};
/* End XCConfigurationList section */
	};
	rootObject = 2450228816ADD7F100FA03B0 /* Project object */;
}
