<?xml version="1.0" encoding="UTF-8"?>
<!DOCTYPE plist PUBLIC "-//Apple//DTD PLIST 1.0//EN" "http://www.apple.com/DTDs/PropertyList-1.0.dtd">
<plist version="1.0">
<dict>
	<key>archiveVersion</key>
	<string>1</string>
	<key>classes</key>
	<dict/>
	<key>objectVersion</key>
	<string>46</string>
	<key>objects</key>
	<dict>
		<key>13CD030F926343A7A5CC5475</key>
		<dict>
			<key>fileRef</key>
			<string>F23C08989CC04E6D986F4BB5</string>
			<key>isa</key>
			<string>PBXBuildFile</string>
			<key>settings</key>
			<dict/>
		</dict>
		<key>2450228616ADD7F100FA03B0</key>
		<dict>
			<key>children</key>
			<array>
				<string>2450229B16ADD7F100FA03B0</string>
				<string>245022D316ADD7F100FA03B0</string>
				<string>2450229416ADD7F100FA03B0</string>
				<string>2450229216ADD7F100FA03B0</string>
				<string>443383F986B54B62861349AB</string>
			</array>
			<key>isa</key>
			<string>PBXGroup</string>
			<key>sourceTree</key>
			<string>&lt;group&gt;</string>
		</dict>
		<key>2450228816ADD7F100FA03B0</key>
		<dict>
			<key>attributes</key>
			<dict>
				<key>CLASSPREFIX</key>
				<string>XM</string>
				<key>LastUpgradeCheck</key>
				<string>0450</string>
				<key>ORGANIZATIONNAME</key>
				<string>Young-Kyu Yoo</string>
			</dict>
			<key>buildConfigurationList</key>
			<string>2450228B16ADD7F100FA03B0</string>
			<key>compatibilityVersion</key>
			<string>Xcode 3.2</string>
			<key>developmentRegion</key>
			<string>English</string>
			<key>hasScannedForEncodings</key>
			<string>0</string>
			<key>isa</key>
			<string>PBXProject</string>
			<key>knownRegions</key>
			<array>
				<string>en</string>
			</array>
			<key>mainGroup</key>
			<string>2450228616ADD7F100FA03B0</string>
			<key>productRefGroup</key>
			<string>2450229216ADD7F100FA03B0</string>
			<key>projectDirPath</key>
			<string></string>
			<key>projectReferences</key>
			<array/>
			<key>projectRoot</key>
			<string></string>
			<key>targets</key>
			<array>
				<string>2450229016ADD7F100FA03B0</string>
				<string>245022CB16ADD7F100FA03B0</string>
			</array>
		</dict>
		<key>2450228B16ADD7F100FA03B0</key>
		<dict>
			<key>buildConfigurations</key>
			<array>
				<string>245022DC16ADD7F100FA03B0</string>
				<string>245022DD16ADD7F100FA03B0</string>
			</array>
			<key>defaultConfigurationIsVisible</key>
			<string>0</string>
			<key>defaultConfigurationName</key>
			<string>Release</string>
			<key>isa</key>
			<string>XCConfigurationList</string>
		</dict>
		<key>2450228D16ADD7F100FA03B0</key>
		<dict>
			<key>buildActionMask</key>
			<string>2147483647</string>
			<key>files</key>
			<array>
				<string>245022A216ADD7F100FA03B0</string>
				<string>245022A616ADD7F100FA03B0</string>
				<string>245022AF16ADD7F100FA03B0</string>
				<string>245022B616ADD7F100FA03B0</string>
			</array>
			<key>isa</key>
			<string>PBXSourcesBuildPhase</string>
			<key>runOnlyForDeploymentPostprocessing</key>
			<string>0</string>
		</dict>
		<key>2450228E16ADD7F100FA03B0</key>
		<dict>
			<key>buildActionMask</key>
			<string>2147483647</string>
			<key>files</key>
			<array>
				<string>2450229616ADD7F100FA03B0</string>
				<string>2450229816ADD7F100FA03B0</string>
				<string>2450229A16ADD7F100FA03B0</string>
				<string>13CD030F926343A7A5CC5475</string>
			</array>
			<key>isa</key>
			<string>PBXFrameworksBuildPhase</string>
			<key>runOnlyForDeploymentPostprocessing</key>
			<string>0</string>
		</dict>
		<key>2450228F16ADD7F100FA03B0</key>
		<dict>
			<key>buildActionMask</key>
			<string>2147483647</string>
			<key>files</key>
			<array>
				<string>245022A016ADD7F100FA03B0</string>
				<string>245022A816ADD7F100FA03B0</string>
				<string>245022AA16ADD7F100FA03B0</string>
				<string>245022AC16ADD7F100FA03B0</string>
				<string>245022B116ADD7F100FA03B0</string>
				<string>245022B316ADD7F100FA03B0</string>
				<string>245022B816ADD7F100FA03B0</string>
				<string>245022BA16ADD7F100FA03B0</string>
				<string>245022BD16ADD7F100FA03B0</string>
				<string>245022C016ADD7F100FA03B0</string>
				<string>245022C316ADD7F100FA03B0</string>
				<string>245022C616ADD7F100FA03B0</string>
			</array>
			<key>isa</key>
			<string>PBXResourcesBuildPhase</string>
			<key>runOnlyForDeploymentPostprocessing</key>
			<string>0</string>
		</dict>
		<key>2450229016ADD7F100FA03B0</key>
		<dict>
			<key>buildConfigurationList</key>
			<string>245022DE16ADD7F100FA03B0</string>
			<key>buildPhases</key>
			<array>
				<string>2450228D16ADD7F100FA03B0</string>
				<string>2450228E16ADD7F100FA03B0</string>
				<string>2450228F16ADD7F100FA03B0</string>
				<string>B3DCAA591DB8435C854F1293</string>
			</array>
			<key>buildRules</key>
			<array/>
			<key>dependencies</key>
			<array/>
			<key>isa</key>
			<string>PBXNativeTarget</string>
			<key>name</key>
			<string>Ximly</string>
			<key>productName</key>
			<string>Ximly</string>
			<key>productReference</key>
			<string>2450229116ADD7F100FA03B0</string>
			<key>productType</key>
			<string>com.apple.product-type.application</string>
		</dict>
		<key>2450229116ADD7F100FA03B0</key>
		<dict>
			<key>explicitFileType</key>
			<string>wrapper.application</string>
			<key>includeInIndex</key>
			<string>0</string>
			<key>isa</key>
			<string>PBXFileReference</string>
			<key>path</key>
			<string>Ximly.app</string>
			<key>sourceTree</key>
			<string>BUILT_PRODUCTS_DIR</string>
		</dict>
		<key>2450229216ADD7F100FA03B0</key>
		<dict>
			<key>children</key>
			<array>
				<string>2450229116ADD7F100FA03B0</string>
				<string>245022CC16ADD7F100FA03B0</string>
			</array>
			<key>isa</key>
			<string>PBXGroup</string>
			<key>name</key>
			<string>Products</string>
			<key>sourceTree</key>
			<string>&lt;group&gt;</string>
		</dict>
		<key>2450229416ADD7F100FA03B0</key>
		<dict>
			<key>children</key>
			<array>
				<string>2450229516ADD7F100FA03B0</string>
				<string>2450229716ADD7F100FA03B0</string>
				<string>2450229916ADD7F100FA03B0</string>
				<string>245022CD16ADD7F100FA03B0</string>
				<string>F23C08989CC04E6D986F4BB5</string>
			</array>
			<key>isa</key>
			<string>PBXGroup</string>
			<key>name</key>
			<string>Frameworks</string>
			<key>sourceTree</key>
			<string>&lt;group&gt;</string>
		</dict>
		<key>2450229516ADD7F100FA03B0</key>
		<dict>
			<key>isa</key>
			<string>PBXFileReference</string>
			<key>lastKnownFileType</key>
			<string>wrapper.framework</string>
			<key>name</key>
			<string>UIKit.framework</string>
			<key>path</key>
			<string>System/Library/Frameworks/UIKit.framework</string>
			<key>sourceTree</key>
			<string>SDKROOT</string>
		</dict>
		<key>2450229616ADD7F100FA03B0</key>
		<dict>
			<key>fileRef</key>
			<string>2450229516ADD7F100FA03B0</string>
			<key>isa</key>
			<string>PBXBuildFile</string>
		</dict>
		<key>2450229716ADD7F100FA03B0</key>
		<dict>
			<key>isa</key>
			<string>PBXFileReference</string>
			<key>lastKnownFileType</key>
			<string>wrapper.framework</string>
			<key>name</key>
			<string>Foundation.framework</string>
			<key>path</key>
			<string>System/Library/Frameworks/Foundation.framework</string>
			<key>sourceTree</key>
			<string>SDKROOT</string>
		</dict>
		<key>2450229816ADD7F100FA03B0</key>
		<dict>
			<key>fileRef</key>
			<string>2450229716ADD7F100FA03B0</string>
			<key>isa</key>
			<string>PBXBuildFile</string>
		</dict>
		<key>2450229916ADD7F100FA03B0</key>
		<dict>
			<key>isa</key>
			<string>PBXFileReference</string>
			<key>lastKnownFileType</key>
			<string>wrapper.framework</string>
			<key>name</key>
			<string>CoreGraphics.framework</string>
			<key>path</key>
			<string>System/Library/Frameworks/CoreGraphics.framework</string>
			<key>sourceTree</key>
			<string>SDKROOT</string>
		</dict>
		<key>2450229A16ADD7F100FA03B0</key>
		<dict>
			<key>fileRef</key>
			<string>2450229916ADD7F100FA03B0</string>
			<key>isa</key>
			<string>PBXBuildFile</string>
		</dict>
		<key>2450229B16ADD7F100FA03B0</key>
		<dict>
			<key>children</key>
			<array>
				<string>245022A416ADD7F100FA03B0</string>
				<string>245022A516ADD7F100FA03B0</string>
				<string>245022AD16ADD7F100FA03B0</string>
				<string>245022AE16ADD7F100FA03B0</string>
				<string>245022B016ADD7F100FA03B0</string>
				<string>245022B216ADD7F100FA03B0</string>
				<string>245022B416ADD7F100FA03B0</string>
				<string>245022B516ADD7F100FA03B0</string>
				<string>245022B716ADD7F100FA03B0</string>
				<string>245022B916ADD7F100FA03B0</string>
				<string>245022BB16ADD7F100FA03B0</string>
				<string>245022BE16ADD7F100FA03B0</string>
				<string>245022C116ADD7F100FA03B0</string>
				<string>245022C416ADD7F100FA03B0</string>
				<string>2450229C16ADD7F100FA03B0</string>
			</array>
			<key>isa</key>
			<string>PBXGroup</string>
			<key>path</key>
			<string>Ximly</string>
			<key>sourceTree</key>
			<string>&lt;group&gt;</string>
		</dict>
		<key>2450229C16ADD7F100FA03B0</key>
		<dict>
			<key>children</key>
			<array>
				<string>2450229D16ADD7F100FA03B0</string>
				<string>2450229E16ADD7F100FA03B0</string>
				<string>245022A116ADD7F100FA03B0</string>
				<string>245022A316ADD7F100FA03B0</string>
				<string>245022A716ADD7F100FA03B0</string>
				<string>245022A916ADD7F100FA03B0</string>
				<string>245022AB16ADD7F100FA03B0</string>
			</array>
			<key>isa</key>
			<string>PBXGroup</string>
			<key>name</key>
			<string>Supporting Files</string>
			<key>sourceTree</key>
			<string>&lt;group&gt;</string>
		</dict>
		<key>2450229D16ADD7F100FA03B0</key>
		<dict>
			<key>isa</key>
			<string>PBXFileReference</string>
			<key>lastKnownFileType</key>
			<string>text.plist.xml</string>
			<key>path</key>
			<string>Ximly-Info.plist</string>
			<key>sourceTree</key>
			<string>&lt;group&gt;</string>
		</dict>
		<key>2450229E16ADD7F100FA03B0</key>
		<dict>
			<key>children</key>
			<array>
				<string>2450229F16ADD7F100FA03B0</string>
			</array>
			<key>isa</key>
			<string>PBXVariantGroup</string>
			<key>name</key>
			<string>InfoPlist.strings</string>
			<key>sourceTree</key>
			<string>&lt;group&gt;</string>
		</dict>
		<key>2450229F16ADD7F100FA03B0</key>
		<dict>
			<key>isa</key>
			<string>PBXFileReference</string>
			<key>lastKnownFileType</key>
			<string>text.plist.strings</string>
			<key>name</key>
			<string>en</string>
			<key>path</key>
			<string>en.lproj/InfoPlist.strings</string>
			<key>sourceTree</key>
			<string>&lt;group&gt;</string>
		</dict>
		<key>245022A016ADD7F100FA03B0</key>
		<dict>
			<key>fileRef</key>
			<string>2450229E16ADD7F100FA03B0</string>
			<key>isa</key>
			<string>PBXBuildFile</string>
		</dict>
		<key>245022A116ADD7F100FA03B0</key>
		<dict>
			<key>isa</key>
			<string>PBXFileReference</string>
			<key>lastKnownFileType</key>
			<string>sourcecode.c.objc</string>
			<key>path</key>
			<string>main.m</string>
			<key>sourceTree</key>
			<string>&lt;group&gt;</string>
		</dict>
		<key>245022A216ADD7F100FA03B0</key>
		<dict>
			<key>fileRef</key>
			<string>245022A116ADD7F100FA03B0</string>
			<key>isa</key>
			<string>PBXBuildFile</string>
		</dict>
		<key>245022A316ADD7F100FA03B0</key>
		<dict>
			<key>isa</key>
			<string>PBXFileReference</string>
			<key>lastKnownFileType</key>
			<string>sourcecode.c.h</string>
			<key>path</key>
			<string>Ximly-Prefix.pch</string>
			<key>sourceTree</key>
			<string>&lt;group&gt;</string>
		</dict>
		<key>245022A416ADD7F100FA03B0</key>
		<dict>
			<key>isa</key>
			<string>PBXFileReference</string>
			<key>lastKnownFileType</key>
			<string>sourcecode.c.h</string>
			<key>path</key>
			<string>XMAppDelegate.h</string>
			<key>sourceTree</key>
			<string>&lt;group&gt;</string>
		</dict>
		<key>245022A516ADD7F100FA03B0</key>
		<dict>
			<key>isa</key>
			<string>PBXFileReference</string>
			<key>lastKnownFileType</key>
			<string>sourcecode.c.objc</string>
			<key>path</key>
			<string>XMAppDelegate.m</string>
			<key>sourceTree</key>
			<string>&lt;group&gt;</string>
		</dict>
		<key>245022A616ADD7F100FA03B0</key>
		<dict>
			<key>fileRef</key>
			<string>245022A516ADD7F100FA03B0</string>
			<key>isa</key>
			<string>PBXBuildFile</string>
		</dict>
		<key>245022A716ADD7F100FA03B0</key>
		<dict>
			<key>isa</key>
			<string>PBXFileReference</string>
			<key>lastKnownFileType</key>
			<string>image.png</string>
			<key>path</key>
			<string>Default.png</string>
			<key>sourceTree</key>
			<string>&lt;group&gt;</string>
		</dict>
		<key>245022A816ADD7F100FA03B0</key>
		<dict>
			<key>fileRef</key>
			<string>245022A716ADD7F100FA03B0</string>
			<key>isa</key>
			<string>PBXBuildFile</string>
		</dict>
		<key>245022A916ADD7F100FA03B0</key>
		<dict>
			<key>isa</key>
			<string>PBXFileReference</string>
			<key>lastKnownFileType</key>
			<string>image.png</string>
			<key>path</key>
			<string>Default@2x.png</string>
			<key>sourceTree</key>
			<string>&lt;group&gt;</string>
		</dict>
		<key>245022AA16ADD7F100FA03B0</key>
		<dict>
			<key>fileRef</key>
			<string>245022A916ADD7F100FA03B0</string>
			<key>isa</key>
			<string>PBXBuildFile</string>
		</dict>
		<key>245022AB16ADD7F100FA03B0</key>
		<dict>
			<key>isa</key>
			<string>PBXFileReference</string>
			<key>lastKnownFileType</key>
			<string>image.png</string>
			<key>path</key>
			<string>Default-568h@2x.png</string>
			<key>sourceTree</key>
			<string>&lt;group&gt;</string>
		</dict>
		<key>245022AC16ADD7F100FA03B0</key>
		<dict>
			<key>fileRef</key>
			<string>245022AB16ADD7F100FA03B0</string>
			<key>isa</key>
			<string>PBXBuildFile</string>
		</dict>
		<key>245022AD16ADD7F100FA03B0</key>
		<dict>
			<key>isa</key>
			<string>PBXFileReference</string>
			<key>lastKnownFileType</key>
			<string>sourcecode.c.h</string>
			<key>path</key>
			<string>XMSubmissionViewController.h</string>
			<key>sourceTree</key>
			<string>&lt;group&gt;</string>
		</dict>
		<key>245022AE16ADD7F100FA03B0</key>
		<dict>
			<key>isa</key>
			<string>PBXFileReference</string>
			<key>lastKnownFileType</key>
			<string>sourcecode.c.objc</string>
			<key>path</key>
			<string>XMSubmissionViewController.m</string>
			<key>sourceTree</key>
			<string>&lt;group&gt;</string>
		</dict>
		<key>245022AF16ADD7F100FA03B0</key>
		<dict>
			<key>fileRef</key>
			<string>245022AE16ADD7F100FA03B0</string>
			<key>isa</key>
			<string>PBXBuildFile</string>
		</dict>
		<key>245022B016ADD7F100FA03B0</key>
		<dict>
			<key>isa</key>
			<string>PBXFileReference</string>
			<key>lastKnownFileType</key>
			<string>image.png</string>
			<key>path</key>
			<string>first.png</string>
			<key>sourceTree</key>
			<string>&lt;group&gt;</string>
		</dict>
		<key>245022B116ADD7F100FA03B0</key>
		<dict>
			<key>fileRef</key>
			<string>245022B016ADD7F100FA03B0</string>
			<key>isa</key>
			<string>PBXBuildFile</string>
		</dict>
		<key>245022B216ADD7F100FA03B0</key>
		<dict>
			<key>isa</key>
			<string>PBXFileReference</string>
			<key>lastKnownFileType</key>
			<string>image.png</string>
			<key>path</key>
			<string>first@2x.png</string>
			<key>sourceTree</key>
			<string>&lt;group&gt;</string>
		</dict>
		<key>245022B316ADD7F100FA03B0</key>
		<dict>
			<key>fileRef</key>
			<string>245022B216ADD7F100FA03B0</string>
			<key>isa</key>
			<string>PBXBuildFile</string>
		</dict>
		<key>245022B416ADD7F100FA03B0</key>
		<dict>
			<key>isa</key>
			<string>PBXFileReference</string>
			<key>lastKnownFileType</key>
			<string>sourcecode.c.h</string>
			<key>path</key>
			<string>XMHistoryViewController.h</string>
			<key>sourceTree</key>
			<string>&lt;group&gt;</string>
		</dict>
		<key>245022B516ADD7F100FA03B0</key>
		<dict>
			<key>isa</key>
			<string>PBXFileReference</string>
			<key>lastKnownFileType</key>
			<string>sourcecode.c.objc</string>
			<key>path</key>
			<string>XMHistoryViewController.m</string>
			<key>sourceTree</key>
			<string>&lt;group&gt;</string>
		</dict>
		<key>245022B616ADD7F100FA03B0</key>
		<dict>
			<key>fileRef</key>
			<string>245022B516ADD7F100FA03B0</string>
			<key>isa</key>
			<string>PBXBuildFile</string>
		</dict>
		<key>245022B716ADD7F100FA03B0</key>
		<dict>
			<key>isa</key>
			<string>PBXFileReference</string>
			<key>lastKnownFileType</key>
			<string>image.png</string>
			<key>path</key>
			<string>second.png</string>
			<key>sourceTree</key>
			<string>&lt;group&gt;</string>
		</dict>
		<key>245022B816ADD7F100FA03B0</key>
		<dict>
			<key>fileRef</key>
			<string>245022B716ADD7F100FA03B0</string>
			<key>isa</key>
			<string>PBXBuildFile</string>
		</dict>
		<key>245022B916ADD7F100FA03B0</key>
		<dict>
			<key>isa</key>
			<string>PBXFileReference</string>
			<key>lastKnownFileType</key>
			<string>image.png</string>
			<key>path</key>
			<string>second@2x.png</string>
			<key>sourceTree</key>
			<string>&lt;group&gt;</string>
		</dict>
		<key>245022BA16ADD7F100FA03B0</key>
		<dict>
			<key>fileRef</key>
			<string>245022B916ADD7F100FA03B0</string>
			<key>isa</key>
			<string>PBXBuildFile</string>
		</dict>
		<key>245022BB16ADD7F100FA03B0</key>
		<dict>
			<key>children</key>
			<array>
				<string>245022BC16ADD7F100FA03B0</string>
			</array>
			<key>isa</key>
			<string>PBXVariantGroup</string>
			<key>name</key>
			<string>XMSubmissionViewController_iPhone.xib</string>
			<key>sourceTree</key>
			<string>&lt;group&gt;</string>
		</dict>
		<key>245022BC16ADD7F100FA03B0</key>
		<dict>
			<key>isa</key>
			<string>PBXFileReference</string>
			<key>lastKnownFileType</key>
			<string>file.xib</string>
			<key>name</key>
			<string>en</string>
			<key>path</key>
			<string>en.lproj/XMSubmissionViewController_iPhone.xib</string>
			<key>sourceTree</key>
			<string>&lt;group&gt;</string>
		</dict>
		<key>245022BD16ADD7F100FA03B0</key>
		<dict>
			<key>fileRef</key>
			<string>245022BB16ADD7F100FA03B0</string>
			<key>isa</key>
			<string>PBXBuildFile</string>
		</dict>
		<key>245022BE16ADD7F100FA03B0</key>
		<dict>
			<key>children</key>
			<array>
				<string>245022BF16ADD7F100FA03B0</string>
			</array>
			<key>isa</key>
			<string>PBXVariantGroup</string>
			<key>name</key>
			<string>XMSubmissionViewController_iPad.xib</string>
			<key>sourceTree</key>
			<string>&lt;group&gt;</string>
		</dict>
		<key>245022BF16ADD7F100FA03B0</key>
		<dict>
			<key>isa</key>
			<string>PBXFileReference</string>
			<key>lastKnownFileType</key>
			<string>file.xib</string>
			<key>name</key>
			<string>en</string>
			<key>path</key>
			<string>en.lproj/XMSubmissionViewController_iPad.xib</string>
			<key>sourceTree</key>
			<string>&lt;group&gt;</string>
		</dict>
		<key>245022C016ADD7F100FA03B0</key>
		<dict>
			<key>fileRef</key>
			<string>245022BE16ADD7F100FA03B0</string>
			<key>isa</key>
			<string>PBXBuildFile</string>
		</dict>
		<key>245022C116ADD7F100FA03B0</key>
		<dict>
			<key>children</key>
			<array>
				<string>245022C216ADD7F100FA03B0</string>
			</array>
			<key>isa</key>
			<string>PBXVariantGroup</string>
			<key>name</key>
			<string>XMHistoryViewController_iPhone.xib</string>
			<key>sourceTree</key>
			<string>&lt;group&gt;</string>
		</dict>
		<key>245022C216ADD7F100FA03B0</key>
		<dict>
			<key>isa</key>
			<string>PBXFileReference</string>
			<key>lastKnownFileType</key>
			<string>file.xib</string>
			<key>name</key>
			<string>en</string>
			<key>path</key>
			<string>en.lproj/XMHistoryViewController_iPhone.xib</string>
			<key>sourceTree</key>
			<string>&lt;group&gt;</string>
		</dict>
		<key>245022C316ADD7F100FA03B0</key>
		<dict>
			<key>fileRef</key>
			<string>245022C116ADD7F100FA03B0</string>
			<key>isa</key>
			<string>PBXBuildFile</string>
		</dict>
		<key>245022C416ADD7F100FA03B0</key>
		<dict>
			<key>children</key>
			<array>
				<string>245022C516ADD7F100FA03B0</string>
			</array>
			<key>isa</key>
			<string>PBXVariantGroup</string>
			<key>name</key>
			<string>XMHistoryViewController_iPad.xib</string>
			<key>sourceTree</key>
			<string>&lt;group&gt;</string>
		</dict>
		<key>245022C516ADD7F100FA03B0</key>
		<dict>
			<key>isa</key>
			<string>PBXFileReference</string>
			<key>lastKnownFileType</key>
			<string>file.xib</string>
			<key>name</key>
			<string>en</string>
			<key>path</key>
			<string>en.lproj/XMHistoryViewController_iPad.xib</string>
			<key>sourceTree</key>
			<string>&lt;group&gt;</string>
		</dict>
		<key>245022C616ADD7F100FA03B0</key>
		<dict>
			<key>fileRef</key>
			<string>245022C416ADD7F100FA03B0</string>
			<key>isa</key>
			<string>PBXBuildFile</string>
		</dict>
		<key>245022C716ADD7F100FA03B0</key>
		<dict>
			<key>buildActionMask</key>
			<string>2147483647</string>
			<key>files</key>
			<array>
				<string>245022DB16ADD7F100FA03B0</string>
			</array>
			<key>isa</key>
			<string>PBXSourcesBuildPhase</string>
			<key>runOnlyForDeploymentPostprocessing</key>
			<string>0</string>
		</dict>
		<key>245022C816ADD7F100FA03B0</key>
		<dict>
			<key>buildActionMask</key>
			<string>2147483647</string>
			<key>files</key>
			<array>
				<string>245022CE16ADD7F100FA03B0</string>
				<string>245022CF16ADD7F100FA03B0</string>
				<string>245022D016ADD7F100FA03B0</string>
			</array>
			<key>isa</key>
			<string>PBXFrameworksBuildPhase</string>
			<key>runOnlyForDeploymentPostprocessing</key>
			<string>0</string>
		</dict>
		<key>245022C916ADD7F100FA03B0</key>
		<dict>
			<key>buildActionMask</key>
			<string>2147483647</string>
			<key>files</key>
			<array>
				<string>245022D816ADD7F100FA03B0</string>
			</array>
			<key>isa</key>
			<string>PBXResourcesBuildPhase</string>
			<key>runOnlyForDeploymentPostprocessing</key>
			<string>0</string>
		</dict>
		<key>245022CA16ADD7F100FA03B0</key>
		<dict>
			<key>buildActionMask</key>
			<string>2147483647</string>
			<key>files</key>
			<array/>
			<key>inputPaths</key>
			<array/>
			<key>isa</key>
			<string>PBXShellScriptBuildPhase</string>
			<key>outputPaths</key>
			<array/>
			<key>runOnlyForDeploymentPostprocessing</key>
			<string>0</string>
			<key>shellPath</key>
			<string>/bin/sh</string>
			<key>shellScript</key>
			<string># Run the unit tests in this test bundle.
"${SYSTEM_DEVELOPER_DIR}/Tools/RunUnitTests"
</string>
		</dict>
		<key>245022CB16ADD7F100FA03B0</key>
		<dict>
			<key>buildConfigurationList</key>
			<string>245022E116ADD7F100FA03B0</string>
			<key>buildPhases</key>
			<array>
				<string>245022C716ADD7F100FA03B0</string>
				<string>245022C816ADD7F100FA03B0</string>
				<string>245022C916ADD7F100FA03B0</string>
				<string>245022CA16ADD7F100FA03B0</string>
			</array>
			<key>buildRules</key>
			<array/>
			<key>dependencies</key>
			<array>
				<string>245022D216ADD7F100FA03B0</string>
			</array>
			<key>isa</key>
			<string>PBXNativeTarget</string>
			<key>name</key>
			<string>XimlyTests</string>
			<key>productName</key>
			<string>XimlyTests</string>
			<key>productReference</key>
			<string>245022CC16ADD7F100FA03B0</string>
			<key>productType</key>
			<string>com.apple.product-type.bundle</string>
		</dict>
		<key>245022CC16ADD7F100FA03B0</key>
		<dict>
			<key>explicitFileType</key>
			<string>wrapper.cfbundle</string>
			<key>includeInIndex</key>
			<string>0</string>
			<key>isa</key>
			<string>PBXFileReference</string>
			<key>path</key>
			<string>XimlyTests.octest</string>
			<key>sourceTree</key>
			<string>BUILT_PRODUCTS_DIR</string>
		</dict>
		<key>245022CD16ADD7F100FA03B0</key>
		<dict>
			<key>isa</key>
			<string>PBXFileReference</string>
			<key>lastKnownFileType</key>
			<string>wrapper.framework</string>
			<key>name</key>
			<string>SenTestingKit.framework</string>
			<key>path</key>
			<string>Library/Frameworks/SenTestingKit.framework</string>
			<key>sourceTree</key>
			<string>DEVELOPER_DIR</string>
		</dict>
		<key>245022CE16ADD7F100FA03B0</key>
		<dict>
			<key>fileRef</key>
			<string>245022CD16ADD7F100FA03B0</string>
			<key>isa</key>
			<string>PBXBuildFile</string>
		</dict>
		<key>245022CF16ADD7F100FA03B0</key>
		<dict>
			<key>fileRef</key>
			<string>2450229516ADD7F100FA03B0</string>
			<key>isa</key>
			<string>PBXBuildFile</string>
		</dict>
		<key>245022D016ADD7F100FA03B0</key>
		<dict>
			<key>fileRef</key>
			<string>2450229716ADD7F100FA03B0</string>
			<key>isa</key>
			<string>PBXBuildFile</string>
		</dict>
		<key>245022D116ADD7F100FA03B0</key>
		<dict>
			<key>containerPortal</key>
			<string>2450228816ADD7F100FA03B0</string>
			<key>isa</key>
			<string>PBXContainerItemProxy</string>
			<key>proxyType</key>
			<string>1</string>
			<key>remoteGlobalIDString</key>
			<string>2450229016ADD7F100FA03B0</string>
			<key>remoteInfo</key>
			<string>Ximly</string>
		</dict>
		<key>245022D216ADD7F100FA03B0</key>
		<dict>
			<key>isa</key>
			<string>PBXTargetDependency</string>
			<key>target</key>
			<string>2450229016ADD7F100FA03B0</string>
			<key>targetProxy</key>
			<string>245022D116ADD7F100FA03B0</string>
		</dict>
		<key>245022D316ADD7F100FA03B0</key>
		<dict>
			<key>children</key>
			<array>
				<string>245022D916ADD7F100FA03B0</string>
				<string>245022DA16ADD7F100FA03B0</string>
				<string>245022D416ADD7F100FA03B0</string>
			</array>
			<key>isa</key>
			<string>PBXGroup</string>
			<key>path</key>
			<string>XimlyTests</string>
			<key>sourceTree</key>
			<string>&lt;group&gt;</string>
		</dict>
		<key>245022D416ADD7F100FA03B0</key>
		<dict>
			<key>children</key>
			<array>
				<string>245022D516ADD7F100FA03B0</string>
				<string>245022D616ADD7F100FA03B0</string>
			</array>
			<key>isa</key>
			<string>PBXGroup</string>
			<key>name</key>
			<string>Supporting Files</string>
			<key>sourceTree</key>
			<string>&lt;group&gt;</string>
		</dict>
		<key>245022D516ADD7F100FA03B0</key>
		<dict>
			<key>isa</key>
			<string>PBXFileReference</string>
			<key>lastKnownFileType</key>
			<string>text.plist.xml</string>
			<key>path</key>
			<string>XimlyTests-Info.plist</string>
			<key>sourceTree</key>
			<string>&lt;group&gt;</string>
		</dict>
		<key>245022D616ADD7F100FA03B0</key>
		<dict>
			<key>children</key>
			<array>
				<string>245022D716ADD7F100FA03B0</string>
			</array>
			<key>isa</key>
			<string>PBXVariantGroup</string>
			<key>name</key>
			<string>InfoPlist.strings</string>
			<key>sourceTree</key>
			<string>&lt;group&gt;</string>
		</dict>
		<key>245022D716ADD7F100FA03B0</key>
		<dict>
			<key>isa</key>
			<string>PBXFileReference</string>
			<key>lastKnownFileType</key>
			<string>text.plist.strings</string>
			<key>name</key>
			<string>en</string>
			<key>path</key>
			<string>en.lproj/InfoPlist.strings</string>
			<key>sourceTree</key>
			<string>&lt;group&gt;</string>
		</dict>
		<key>245022D816ADD7F100FA03B0</key>
		<dict>
			<key>fileRef</key>
			<string>245022D616ADD7F100FA03B0</string>
			<key>isa</key>
			<string>PBXBuildFile</string>
		</dict>
		<key>245022D916ADD7F100FA03B0</key>
		<dict>
			<key>isa</key>
			<string>PBXFileReference</string>
			<key>lastKnownFileType</key>
			<string>sourcecode.c.h</string>
			<key>path</key>
			<string>XimlyTests.h</string>
			<key>sourceTree</key>
			<string>&lt;group&gt;</string>
		</dict>
		<key>245022DA16ADD7F100FA03B0</key>
		<dict>
			<key>isa</key>
			<string>PBXFileReference</string>
			<key>lastKnownFileType</key>
			<string>sourcecode.c.objc</string>
			<key>path</key>
			<string>XimlyTests.m</string>
			<key>sourceTree</key>
			<string>&lt;group&gt;</string>
		</dict>
		<key>245022DB16ADD7F100FA03B0</key>
		<dict>
			<key>fileRef</key>
			<string>245022DA16ADD7F100FA03B0</string>
			<key>isa</key>
			<string>PBXBuildFile</string>
		</dict>
		<key>245022DC16ADD7F100FA03B0</key>
		<dict>
			<key>buildSettings</key>
			<dict>
				<key>ALWAYS_SEARCH_USER_PATHS</key>
				<string>NO</string>
				<key>CLANG_CXX_LANGUAGE_STANDARD</key>
				<string>gnu++0x</string>
				<key>CLANG_CXX_LIBRARY</key>
				<string>libc++</string>
				<key>CLANG_ENABLE_OBJC_ARC</key>
				<string>YES</string>
				<key>CLANG_WARN_EMPTY_BODY</key>
				<string>YES</string>
				<key>CLANG_WARN__DUPLICATE_METHOD_MATCH</key>
				<string>YES</string>
				<key>CODE_SIGN_IDENTITY[sdk=iphoneos*]</key>
				<string>iPhone Developer</string>
				<key>COPY_PHASE_STRIP</key>
				<string>NO</string>
				<key>GCC_C_LANGUAGE_STANDARD</key>
				<string>gnu99</string>
				<key>GCC_DYNAMIC_NO_PIC</key>
				<string>NO</string>
				<key>GCC_OPTIMIZATION_LEVEL</key>
				<string>0</string>
				<key>GCC_PREPROCESSOR_DEFINITIONS</key>
				<array>
					<string>DEBUG=1</string>
					<string>$(inherited)</string>
				</array>
				<key>GCC_SYMBOLS_PRIVATE_EXTERN</key>
				<string>NO</string>
				<key>GCC_WARN_ABOUT_RETURN_TYPE</key>
				<string>YES</string>
				<key>GCC_WARN_UNINITIALIZED_AUTOS</key>
				<string>YES</string>
				<key>GCC_WARN_UNUSED_VARIABLE</key>
				<string>YES</string>
				<key>IPHONEOS_DEPLOYMENT_TARGET</key>
				<string>6.0</string>
				<key>ONLY_ACTIVE_ARCH</key>
				<string>YES</string>
				<key>SDKROOT</key>
				<string>iphoneos</string>
				<key>TARGETED_DEVICE_FAMILY</key>
				<string>1,2</string>
			</dict>
			<key>isa</key>
			<string>XCBuildConfiguration</string>
			<key>name</key>
			<string>Debug</string>
		</dict>
		<key>245022DD16ADD7F100FA03B0</key>
		<dict>
			<key>buildSettings</key>
			<dict>
				<key>ALWAYS_SEARCH_USER_PATHS</key>
				<string>NO</string>
				<key>CLANG_CXX_LANGUAGE_STANDARD</key>
				<string>gnu++0x</string>
				<key>CLANG_CXX_LIBRARY</key>
				<string>libc++</string>
				<key>CLANG_ENABLE_OBJC_ARC</key>
				<string>YES</string>
				<key>CLANG_WARN_EMPTY_BODY</key>
				<string>YES</string>
				<key>CLANG_WARN__DUPLICATE_METHOD_MATCH</key>
				<string>YES</string>
				<key>CODE_SIGN_IDENTITY[sdk=iphoneos*]</key>
				<string>iPhone Developer</string>
				<key>COPY_PHASE_STRIP</key>
				<string>YES</string>
				<key>GCC_C_LANGUAGE_STANDARD</key>
				<string>gnu99</string>
				<key>GCC_WARN_ABOUT_RETURN_TYPE</key>
				<string>YES</string>
				<key>GCC_WARN_UNINITIALIZED_AUTOS</key>
				<string>YES</string>
				<key>GCC_WARN_UNUSED_VARIABLE</key>
				<string>YES</string>
				<key>IPHONEOS_DEPLOYMENT_TARGET</key>
				<string>6.0</string>
				<key>OTHER_CFLAGS</key>
				<string>-DNS_BLOCK_ASSERTIONS=1</string>
				<key>SDKROOT</key>
				<string>iphoneos</string>
				<key>TARGETED_DEVICE_FAMILY</key>
				<string>1,2</string>
				<key>VALIDATE_PRODUCT</key>
				<string>YES</string>
			</dict>
			<key>isa</key>
			<string>XCBuildConfiguration</string>
			<key>name</key>
			<string>Release</string>
		</dict>
		<key>245022DE16ADD7F100FA03B0</key>
		<dict>
			<key>buildConfigurations</key>
			<array>
				<string>245022DF16ADD7F100FA03B0</string>
				<string>245022E016ADD7F100FA03B0</string>
			</array>
			<key>defaultConfigurationIsVisible</key>
			<string>0</string>
			<key>defaultConfigurationName</key>
			<string>Release</string>
			<key>isa</key>
			<string>XCConfigurationList</string>
		</dict>
		<key>245022DF16ADD7F100FA03B0</key>
		<dict>
			<key>baseConfigurationReference</key>
			<string>443383F986B54B62861349AB</string>
			<key>buildSettings</key>
			<dict>
				<key>GCC_PRECOMPILE_PREFIX_HEADER</key>
				<string>YES</string>
				<key>GCC_PREFIX_HEADER</key>
				<string>Ximly/Ximly-Prefix.pch</string>
				<key>INFOPLIST_FILE</key>
				<string>Ximly/Ximly-Info.plist</string>
				<key>PRODUCT_NAME</key>
				<string>$(TARGET_NAME)</string>
				<key>WRAPPER_EXTENSION</key>
				<string>app</string>
			</dict>
			<key>isa</key>
			<string>XCBuildConfiguration</string>
			<key>name</key>
			<string>Debug</string>
		</dict>
		<key>245022E016ADD7F100FA03B0</key>
		<dict>
			<key>baseConfigurationReference</key>
			<string>443383F986B54B62861349AB</string>
			<key>buildSettings</key>
			<dict>
				<key>GCC_PRECOMPILE_PREFIX_HEADER</key>
				<string>YES</string>
				<key>GCC_PREFIX_HEADER</key>
				<string>Ximly/Ximly-Prefix.pch</string>
				<key>INFOPLIST_FILE</key>
				<string>Ximly/Ximly-Info.plist</string>
				<key>PRODUCT_NAME</key>
				<string>$(TARGET_NAME)</string>
				<key>WRAPPER_EXTENSION</key>
				<string>app</string>
			</dict>
			<key>isa</key>
			<string>XCBuildConfiguration</string>
			<key>name</key>
			<string>Release</string>
		</dict>
		<key>245022E116ADD7F100FA03B0</key>
		<dict>
			<key>buildConfigurations</key>
			<array>
				<string>245022E216ADD7F100FA03B0</string>
				<string>245022E316ADD7F100FA03B0</string>
			</array>
			<key>defaultConfigurationIsVisible</key>
			<string>0</string>
			<key>defaultConfigurationName</key>
			<string>Release</string>
			<key>isa</key>
			<string>XCConfigurationList</string>
		</dict>
		<key>245022E216ADD7F100FA03B0</key>
		<dict>
			<key>buildSettings</key>
			<dict>
				<key>BUNDLE_LOADER</key>
				<string>$(BUILT_PRODUCTS_DIR)/Ximly.app/Ximly</string>
				<key>FRAMEWORK_SEARCH_PATHS</key>
				<array>
					<string>"$(SDKROOT)/Developer/Library/Frameworks"</string>
					<string>"$(DEVELOPER_LIBRARY_DIR)/Frameworks"</string>
				</array>
				<key>GCC_PRECOMPILE_PREFIX_HEADER</key>
				<string>YES</string>
				<key>GCC_PREFIX_HEADER</key>
				<string>Ximly/Ximly-Prefix.pch</string>
				<key>INFOPLIST_FILE</key>
				<string>XimlyTests/XimlyTests-Info.plist</string>
				<key>PRODUCT_NAME</key>
				<string>$(TARGET_NAME)</string>
				<key>TEST_HOST</key>
				<string>$(BUNDLE_LOADER)</string>
				<key>WRAPPER_EXTENSION</key>
				<string>octest</string>
			</dict>
			<key>isa</key>
			<string>XCBuildConfiguration</string>
			<key>name</key>
			<string>Debug</string>
		</dict>
		<key>245022E316ADD7F100FA03B0</key>
		<dict>
			<key>buildSettings</key>
			<dict>
				<key>BUNDLE_LOADER</key>
				<string>$(BUILT_PRODUCTS_DIR)/Ximly.app/Ximly</string>
				<key>FRAMEWORK_SEARCH_PATHS</key>
				<array>
					<string>"$(SDKROOT)/Developer/Library/Frameworks"</string>
					<string>"$(DEVELOPER_LIBRARY_DIR)/Frameworks"</string>
				</array>
				<key>GCC_PRECOMPILE_PREFIX_HEADER</key>
				<string>YES</string>
				<key>GCC_PREFIX_HEADER</key>
				<string>Ximly/Ximly-Prefix.pch</string>
				<key>INFOPLIST_FILE</key>
				<string>XimlyTests/XimlyTests-Info.plist</string>
				<key>PRODUCT_NAME</key>
				<string>$(TARGET_NAME)</string>
				<key>TEST_HOST</key>
				<string>$(BUNDLE_LOADER)</string>
				<key>WRAPPER_EXTENSION</key>
				<string>octest</string>
			</dict>
			<key>isa</key>
			<string>XCBuildConfiguration</string>
			<key>name</key>
			<string>Release</string>
		</dict>
		<key>443383F986B54B62861349AB</key>
		<dict>
			<key>includeInIndex</key>
			<string>1</string>
			<key>isa</key>
			<string>PBXFileReference</string>
			<key>lastKnownFileType</key>
			<string>text.xcconfig</string>
			<key>name</key>
			<string>Pods.xcconfig</string>
			<key>path</key>
			<string>Pods/Pods.xcconfig</string>
			<key>sourceTree</key>
			<string>SOURCE_ROOT</string>
		</dict>
		<key>B3DCAA591DB8435C854F1293</key>
		<dict>
			<key>buildActionMask</key>
			<string>2147483647</string>
			<key>files</key>
			<array/>
			<key>inputPaths</key>
			<array/>
			<key>isa</key>
			<string>PBXShellScriptBuildPhase</string>
			<key>name</key>
			<string>Copy Pods Resources</string>
			<key>outputPaths</key>
			<array/>
			<key>runOnlyForDeploymentPostprocessing</key>
			<string>0</string>
			<key>shellPath</key>
			<string>/bin/sh</string>
			<key>shellScript</key>
			<string>"${SRCROOT}/Pods/Pods-resources.sh"
</string>
			<key>showEnvVarsInLog</key>
			<string>1</string>
		</dict>
		<key>F23C08989CC04E6D986F4BB5</key>
		<dict>
			<key>explicitFileType</key>
			<string>archive.ar</string>
			<key>includeInIndex</key>
			<string>0</string>
			<key>isa</key>
			<string>PBXFileReference</string>
			<key>name</key>
			<string>libPods.a</string>
			<key>path</key>
			<string>libPods.a</string>
			<key>sourceTree</key>
			<string>BUILT_PRODUCTS_DIR</string>
		</dict>
	</dict>
	<key>rootObject</key>
	<string>2450228816ADD7F100FA03B0</string>
</dict>
</plist>
