
PODS: 
- AFNetworking (1.0)
- Evernote-SDK-iOS (1.0.1)
- FlurrySDK (4.1.0)

DEPENDENCIES: 
- AFNetworking (= 1.0)
- Evernote-SDK-iOS (= 1.0.1)
- FlurrySDK (= 4.1.0)

SPEC CHECKSUMS: 
  AFNetworking: 204f4b3d3a3ea7b38737c3fbf2646ba8c9719eea
  Evernote-SDK-iOS: 761bd53842b44426de79f60721e636e6cb2bc8bb
  FlurrySDK: 52245ae8c6fa31825dc74a6afb94b861da2435fa

COCOAPODS: 0.16.2
